// !$*UTF8*$!
{
   archiveVersion = "1";
   objectVersion = "46";
   objects = {
      "NotAutoLayout::NotAutoLayout" = {
         isa = "PBXNativeTarget";
         buildConfigurationList = "OBJ_244";
         buildPhases = (
            "OBJ_247",
            "OBJ_426"
         );
         dependencies = (
         );
         name = "NotAutoLayout";
         productName = "NotAutoLayout";
         productReference = "NotAutoLayout::NotAutoLayout::Product";
         productType = "com.apple.product-type.framework";
      };
      "NotAutoLayout::NotAutoLayout::Product" = {
         isa = "PBXFileReference";
         path = "NotAutoLayout.framework";
         sourceTree = "BUILT_PRODUCTS_DIR";
      };
      "NotAutoLayout::NotAutoLayoutPackageTests::ProductTarget" = {
         isa = "PBXAggregateTarget";
         buildConfigurationList = "OBJ_434";
         buildPhases = (
         );
         dependencies = (
            "OBJ_437"
         );
         name = "NotAutoLayoutPackageTests";
         productName = "NotAutoLayoutPackageTests";
      };
      "NotAutoLayout::NotAutoLayoutTests" = {
         isa = "PBXNativeTarget";
         buildConfigurationList = "OBJ_439";
         buildPhases = (
            "OBJ_442",
            "OBJ_453"
         );
         dependencies = (
            "OBJ_455"
         );
         name = "NotAutoLayoutTests";
         productName = "NotAutoLayoutTests";
         productReference = "NotAutoLayout::NotAutoLayoutTests::Product";
         productType = "com.apple.product-type.bundle.unit-test";
      };
      "NotAutoLayout::NotAutoLayoutTests::Product" = {
         isa = "PBXFileReference";
         path = "NotAutoLayoutTests.xctest";
         sourceTree = "BUILT_PRODUCTS_DIR";
      };
      "NotAutoLayout::SwiftPMPackageDescription" = {
         isa = "PBXNativeTarget";
         buildConfigurationList = "OBJ_428";
         buildPhases = (
            "OBJ_431"
         );
         dependencies = (
         );
         name = "NotAutoLayoutPackageDescription";
         productName = "NotAutoLayoutPackageDescription";
         productType = "com.apple.product-type.framework";
      };
      "OBJ_1" = {
         isa = "PBXProject";
         attributes = {
            LastSwiftMigration = "9999";
            LastUpgradeCheck = "9999";
         };
         buildConfigurationList = "OBJ_2";
         compatibilityVersion = "Xcode 3.2";
         developmentRegion = "en";
         hasScannedForEncodings = "0";
         knownRegions = (
            "en"
         );
         mainGroup = "OBJ_5";
         productRefGroup = "OBJ_226";
         projectDirPath = ".";
         targets = (
            "NotAutoLayout::NotAutoLayout",
            "NotAutoLayout::SwiftPMPackageDescription",
            "NotAutoLayout::NotAutoLayoutPackageTests::ProductTarget",
            "NotAutoLayout::NotAutoLayoutTests"
         );
      };
      "OBJ_10" = {
         isa = "PBXFileReference";
         path = "Info.plist";
         sourceTree = "<group>";
      };
      "OBJ_100" = {
         isa = "PBXFileReference";
         path = "LeftCenterTop.Individual.swift";
         sourceTree = "<group>";
      };
      "OBJ_101" = {
         isa = "PBXFileReference";
         path = "LeftMiddleBottom.Individual.swift";
         sourceTree = "<group>";
      };
      "OBJ_102" = {
         isa = "PBXFileReference";
         path = "LeftMiddleHeight.Individual.swift";
         sourceTree = "<group>";
      };
      "OBJ_103" = {
         isa = "PBXFileReference";
         path = "LeftMiddleWidth.Individual.swift";
         sourceTree = "<group>";
      };
      "OBJ_104" = {
         isa = "PBXFileReference";
         path = "LeftRightBottom.Individual.swift";
         sourceTree = "<group>";
      };
      "OBJ_105" = {
         isa = "PBXFileReference";
         path = "LeftRightMiddle.Individual.swift";
         sourceTree = "<group>";
      };
      "OBJ_106" = {
         isa = "PBXFileReference";
         path = "LeftRightTop.Individual.swift";
         sourceTree = "<group>";
      };
      "OBJ_107" = {
         isa = "PBXFileReference";
         path = "LeftTopBottom.Individual.swift";
         sourceTree = "<group>";
      };
      "OBJ_108" = {
         isa = "PBXFileReference";
         path = "LeftTopHeight.Individual.swift";
         sourceTree = "<group>";
      };
      "OBJ_109" = {
         isa = "PBXFileReference";
         path = "LeftTopMiddle.Individual.swift";
         sourceTree = "<group>";
      };
      "OBJ_11" = {
         isa = "PBXGroup";
         children = (
            "OBJ_12",
            "OBJ_13",
            "OBJ_14"
         );
         name = "Extensions";
         path = "Extensions";
         sourceTree = "<group>";
      };
      "OBJ_110" = {
         isa = "PBXFileReference";
         path = "LeftTopWidth.Individual.swift";
         sourceTree = "<group>";
      };
      "OBJ_111" = {
         isa = "PBXFileReference";
         path = "MiddleCenterBottom.Individual.swift";
         sourceTree = "<group>";
      };
      "OBJ_112" = {
         isa = "PBXFileReference";
         path = "MiddleCenterHeight.Individual.swift";
         sourceTree = "<group>";
      };
      "OBJ_113" = {
         isa = "PBXFileReference";
         path = "MiddleCenterLeft.Individual.swift";
         sourceTree = "<group>";
      };
      "OBJ_114" = {
         isa = "PBXFileReference";
         path = "MiddleCenterRight.Individual.swift";
         sourceTree = "<group>";
      };
      "OBJ_115" = {
         isa = "PBXFileReference";
         path = "MiddleCenterTop.Individual.swift";
         sourceTree = "<group>";
      };
      "OBJ_116" = {
         isa = "PBXFileReference";
         path = "MiddleCenterWidth.Individual.swift";
         sourceTree = "<group>";
      };
      "OBJ_117" = {
         isa = "PBXFileReference";
         path = "MiddleLeftBottom.Individual.swift";
         sourceTree = "<group>";
      };
      "OBJ_118" = {
         isa = "PBXFileReference";
         path = "MiddleLeftCenter.Individual.swift";
         sourceTree = "<group>";
      };
      "OBJ_119" = {
         isa = "PBXFileReference";
         path = "MiddleLeftHeight.Individual.swift";
         sourceTree = "<group>";
      };
      "OBJ_12" = {
         isa = "PBXFileReference";
         path = "Array.swift";
         sourceTree = "<group>";
      };
      "OBJ_120" = {
         isa = "PBXFileReference";
         path = "MiddleLeftRight.Individual.swift";
         sourceTree = "<group>";
      };
      "OBJ_121" = {
         isa = "PBXFileReference";
         path = "MiddleLeftTop.Individual.swift";
         sourceTree = "<group>";
      };
      "OBJ_122" = {
         isa = "PBXFileReference";
         path = "MiddleLeftWidth.Individual.swift";
         sourceTree = "<group>";
      };
      "OBJ_123" = {
         isa = "PBXFileReference";
         path = "MiddleRightBottom.Individual.swift";
         sourceTree = "<group>";
      };
      "OBJ_124" = {
         isa = "PBXFileReference";
         path = "MiddleRightCenter.Individual.swift";
         sourceTree = "<group>";
      };
      "OBJ_125" = {
         isa = "PBXFileReference";
         path = "MiddleRightHeight.Individual.swift";
         sourceTree = "<group>";
      };
      "OBJ_126" = {
         isa = "PBXFileReference";
         path = "MiddleRightLeft.Individual.swift";
         sourceTree = "<group>";
      };
      "OBJ_127" = {
         isa = "PBXFileReference";
         path = "MiddleRightTop.Individual.swift";
         sourceTree = "<group>";
      };
      "OBJ_128" = {
         isa = "PBXFileReference";
         path = "MiddleRightWidth.Individual.swift";
         sourceTree = "<group>";
      };
      "OBJ_129" = {
         isa = "PBXFileReference";
         path = "RightBottomHeight.Individual.swift";
         sourceTree = "<group>";
      };
      "OBJ_13" = {
         isa = "PBXFileReference";
         path = "Dictionary.swift";
         sourceTree = "<group>";
      };
      "OBJ_130" = {
         isa = "PBXFileReference";
         path = "RightBottomWidth.Individual.swift";
         sourceTree = "<group>";
      };
      "OBJ_131" = {
         isa = "PBXFileReference";
         path = "RightMiddleBottom.Individual.swift";
         sourceTree = "<group>";
      };
      "OBJ_132" = {
         isa = "PBXFileReference";
         path = "RightMiddleHeight.Individual.swift";
         sourceTree = "<group>";
      };
      "OBJ_133" = {
         isa = "PBXFileReference";
         path = "RightMiddleWidth.Individual.swift";
         sourceTree = "<group>";
      };
      "OBJ_134" = {
         isa = "PBXFileReference";
         path = "RightTopBottom.Individual.swift";
         sourceTree = "<group>";
      };
      "OBJ_135" = {
         isa = "PBXFileReference";
         path = "RightTopHeight.Individual.swift";
         sourceTree = "<group>";
      };
      "OBJ_136" = {
         isa = "PBXFileReference";
         path = "RightTopMiddle.Individual.swift";
         sourceTree = "<group>";
      };
      "OBJ_137" = {
         isa = "PBXFileReference";
         path = "RightTopWidth.Individual.swift";
         sourceTree = "<group>";
      };
      "OBJ_138" = {
         isa = "PBXFileReference";
         path = "TopCenterBottom.Individual.swift";
         sourceTree = "<group>";
      };
      "OBJ_139" = {
         isa = "PBXFileReference";
         path = "TopCenterHeight.Individual.swift";
         sourceTree = "<group>";
      };
      "OBJ_14" = {
         isa = "PBXFileReference";
         path = "UIView.swift";
         sourceTree = "<group>";
      };
      "OBJ_140" = {
         isa = "PBXFileReference";
         path = "TopCenterLeft.Individual.swift";
         sourceTree = "<group>";
      };
      "OBJ_141" = {
         isa = "PBXFileReference";
         path = "TopCenterMiddle.Individual.swift";
         sourceTree = "<group>";
      };
      "OBJ_142" = {
         isa = "PBXFileReference";
         path = "TopCenterRight.Individual.swift";
         sourceTree = "<group>";
      };
      "OBJ_143" = {
         isa = "PBXFileReference";
         path = "TopCenterWidth.Individual.swift";
         sourceTree = "<group>";
      };
      "OBJ_144" = {
         isa = "PBXFileReference";
         path = "TopLeftBottom.Individual.swift";
         sourceTree = "<group>";
      };
      "OBJ_145" = {
         isa = "PBXFileReference";
         path = "TopLeftCenter.Individual.swift";
         sourceTree = "<group>";
      };
      "OBJ_146" = {
         isa = "PBXFileReference";
         path = "TopLeftHeight.Individual.swift";
         sourceTree = "<group>";
      };
      "OBJ_147" = {
         isa = "PBXFileReference";
         path = "TopLeftMiddle.Individual.swift";
         sourceTree = "<group>";
      };
      "OBJ_148" = {
         isa = "PBXFileReference";
         path = "TopLeftRight.Individual.swift";
         sourceTree = "<group>";
      };
      "OBJ_149" = {
         isa = "PBXFileReference";
         path = "TopLeftWidth.Individual.swift";
         sourceTree = "<group>";
      };
      "OBJ_15" = {
         isa = "PBXGroup";
         children = (
            "OBJ_16",
            "OBJ_17",
            "OBJ_18",
            "OBJ_19",
            "OBJ_20",
            "OBJ_21",
            "OBJ_22",
            "OBJ_23"
         );
         name = "Layout";
         path = "Layout";
         sourceTree = "<group>";
      };
      "OBJ_150" = {
         isa = "PBXFileReference";
         path = "TopRightBottom.Individual.swift";
         sourceTree = "<group>";
      };
      "OBJ_151" = {
         isa = "PBXFileReference";
         path = "TopRightCenter.Individual.swift";
         sourceTree = "<group>";
      };
      "OBJ_152" = {
         isa = "PBXFileReference";
         path = "TopRightHeight.Individual.swift";
         sourceTree = "<group>";
      };
      "OBJ_153" = {
         isa = "PBXFileReference";
         path = "TopRightLeft.Individual.swift";
         sourceTree = "<group>";
      };
      "OBJ_154" = {
         isa = "PBXFileReference";
         path = "TopRightMiddle.Individual.swift";
         sourceTree = "<group>";
      };
      "OBJ_155" = {
         isa = "PBXFileReference";
         path = "TopRightWidth.Individual.swift";
         sourceTree = "<group>";
      };
      "OBJ_156" = {
         isa = "PBXGroup";
         children = (
            "OBJ_157"
         );
         name = "All-Element";
         path = "All-Element";
         sourceTree = "<group>";
      };
      "OBJ_157" = {
         isa = "PBXFileReference";
         path = "DidStoreAllRequiredPropertyLayoutProperty.swift";
         sourceTree = "<group>";
      };
      "OBJ_158" = {
         isa = "PBXGroup";
         children = (
            "OBJ_159",
            "OBJ_160",
            "OBJ_161",
            "OBJ_162",
            "OBJ_163",
            "OBJ_164",
            "OBJ_165",
            "OBJ_166",
            "OBJ_167",
            "OBJ_168",
            "OBJ_169",
            "OBJ_170",
            "OBJ_171",
            "OBJ_172",
            "OBJ_173",
            "OBJ_174",
            "OBJ_175",
            "OBJ_176",
            "OBJ_177",
            "OBJ_178",
            "OBJ_179",
            "OBJ_180"
         );
         name = "MakerBasics";
         path = "MakerBasics";
         sourceTree = "<group>";
      };
      "OBJ_159" = {
         isa = "PBXFileReference";
         path = "LayoutMaker.swift";
         sourceTree = "<group>";
      };
      "OBJ_16" = {
         isa = "PBXFileReference";
         path = "FrameAdditionalEvaluation.swift";
         sourceTree = "<group>";
      };
      "OBJ_160" = {
         isa = "PBXFileReference";
         path = "LayoutPropertyCanAddAdditionalEvaluationType.swift";
         sourceTree = "<group>";
      };
      "OBJ_161" = {
         isa = "PBXFileReference";
         path = "LayoutPropertyCanStoreBottomCenterType.swift";
         sourceTree = "<group>";
      };
      "OBJ_162" = {
         isa = "PBXFileReference";
         path = "LayoutPropertyCanStoreBottomLeftType.swift";
         sourceTree = "<group>";
      };
      "OBJ_163" = {
         isa = "PBXFileReference";
         path = "LayoutPropertyCanStoreBottomRightType.swift";
         sourceTree = "<group>";
      };
      "OBJ_164" = {
         isa = "PBXFileReference";
         path = "LayoutPropertyCanStoreBottomType.swift";
         sourceTree = "<group>";
      };
      "OBJ_165" = {
         isa = "PBXFileReference";
         path = "LayoutPropertyCanStoreCenterType.swift";
         sourceTree = "<group>";
      };
      "OBJ_166" = {
         isa = "PBXFileReference";
         path = "LayoutPropertyCanStoreFrameType.swift";
         sourceTree = "<group>";
      };
      "OBJ_167" = {
         isa = "PBXFileReference";
         path = "LayoutPropertyCanStoreHeightType.swift";
         sourceTree = "<group>";
      };
      "OBJ_168" = {
         isa = "PBXFileReference";
         path = "LayoutPropertyCanStoreHorizontalInsetsType.swift";
         sourceTree = "<group>";
      };
      "OBJ_169" = {
         isa = "PBXFileReference";
         path = "LayoutPropertyCanStoreLeftType.swift";
         sourceTree = "<group>";
      };
      "OBJ_17" = {
         isa = "PBXFileReference";
         path = "IndividualLayout.swift";
         sourceTree = "<group>";
      };
      "OBJ_170" = {
         isa = "PBXFileReference";
         path = "LayoutPropertyCanStoreMiddleCenterType.swift";
         sourceTree = "<group>";
      };
      "OBJ_171" = {
         isa = "PBXFileReference";
         path = "LayoutPropertyCanStoreMiddleLeftType.swift";
         sourceTree = "<group>";
      };
      "OBJ_172" = {
         isa = "PBXFileReference";
         path = "LayoutPropertyCanStoreMiddleRightType.swift";
         sourceTree = "<group>";
      };
      "OBJ_173" = {
         isa = "PBXFileReference";
         path = "LayoutPropertyCanStoreMiddleType.swift";
         sourceTree = "<group>";
      };
      "OBJ_174" = {
         isa = "PBXFileReference";
         path = "LayoutPropertyCanStoreRightType.swift";
         sourceTree = "<group>";
      };
      "OBJ_175" = {
         isa = "PBXFileReference";
         path = "LayoutPropertyCanStoreSizeType.swift";
         sourceTree = "<group>";
      };
      "OBJ_176" = {
         isa = "PBXFileReference";
         path = "LayoutPropertyCanStoreTopCenterType.swift";
         sourceTree = "<group>";
      };
      "OBJ_177" = {
         isa = "PBXFileReference";
         path = "LayoutPropertyCanStoreTopLeftType.swift";
         sourceTree = "<group>";
      };
      "OBJ_178" = {
         isa = "PBXFileReference";
         path = "LayoutPropertyCanStoreTopRightType.swift";
         sourceTree = "<group>";
      };
      "OBJ_179" = {
         isa = "PBXFileReference";
         path = "LayoutPropertyCanStoreTopType.swift";
         sourceTree = "<group>";
      };
      "OBJ_18" = {
         isa = "PBXFileReference";
         path = "LayoutElement.swift";
         sourceTree = "<group>";
      };
      "OBJ_180" = {
         isa = "PBXFileReference";
         path = "LayoutPropertyCanStoreWidthType.swift";
         sourceTree = "<group>";
      };
      "OBJ_181" = {
         isa = "PBXGroup";
         children = (
            "OBJ_182",
            "OBJ_184",
            "OBJ_186"
         );
         name = "SequentialProperties";
         path = "SequentialProperties";
         sourceTree = "<group>";
      };
      "OBJ_182" = {
         isa = "PBXGroup";
         children = (
            "OBJ_183"
         );
         name = "0-Element";
         path = "0-Element";
         sourceTree = "<group>";
      };
      "OBJ_183" = {
         isa = "PBXFileReference";
         path = "Initial.Sequential.swift";
         sourceTree = "<group>";
      };
      "OBJ_184" = {
         isa = "PBXGroup";
         children = (
            "OBJ_185"
         );
         name = "1-Element";
         path = "1-Element";
         sourceTree = "<group>";
      };
      "OBJ_185" = {
         isa = "PBXFileReference";
         path = "Middle.Sequential.swift";
         sourceTree = "<group>";
      };
      "OBJ_186" = {
         isa = "PBXGroup";
         children = (
            "OBJ_187"
         );
         name = "3-Element";
         path = "3-Element";
         sourceTree = "<group>";
      };
      "OBJ_187" = {
         isa = "PBXFileReference";
         path = "MiddleSize.Sequential.swift";
         sourceTree = "<group>";
      };
      "OBJ_188" = {
         isa = "PBXGroup";
         children = (
            "OBJ_189",
            "OBJ_190"
         );
         name = "NotAutoLayoutCompatible";
         path = "NotAutoLayoutCompatible";
         sourceTree = "<group>";
      };
      "OBJ_189" = {
         isa = "PBXFileReference";
         path = "NotAutoLayoutCompatible.swift";
         sourceTree = "<group>";
      };
      "OBJ_19" = {
         isa = "PBXFileReference";
         path = "SequentialLayout.swift";
         sourceTree = "<group>";
      };
      "OBJ_190" = {
         isa = "PBXFileReference";
         path = "NotAutoLayoutContainer.swift";
         sourceTree = "<group>";
      };
      "OBJ_191" = {
         isa = "PBXGroup";
         children = (
            "OBJ_192"
         );
         name = "SourceryGenerated";
         path = "SourceryGenerated";
         sourceTree = "<group>";
      };
      "OBJ_192" = {
         isa = "PBXFileReference";
         path = "Blank.generated.swift";
         sourceTree = "<group>";
      };
      "OBJ_193" = {
         isa = "PBXGroup";
         children = (
            "OBJ_194",
            "OBJ_195",
            "OBJ_196",
            "OBJ_197",
            "OBJ_198",
            "OBJ_199",
            "OBJ_200",
            "OBJ_201",
            "OBJ_202",
            "OBJ_203",
            "OBJ_204",
            "OBJ_205",
            "OBJ_206",
            "OBJ_207"
         );
         name = "Types";
         path = "Types";
         sourceTree = "<group>";
      };
      "OBJ_194" = {
         isa = "PBXFileReference";
         path = "Bounds.swift";
         sourceTree = "<group>";
      };
      "OBJ_195" = {
         isa = "PBXFileReference";
         path = "CGTypeConvertible.swift";
         sourceTree = "<group>";
      };
      "OBJ_196" = {
         isa = "PBXFileReference";
         path = "Float.swift";
         sourceTree = "<group>";
      };
      "OBJ_197" = {
         isa = "PBXFileReference";
         path = "IndividualFrame.swift";
         sourceTree = "<group>";
      };
      "OBJ_198" = {
         isa = "PBXFileReference";
         path = "Insets.swift";
         sourceTree = "<group>";
      };
      "OBJ_199" = {
         isa = "PBXFileReference";
         path = "LayoutGuideRepresentable.swift";
         sourceTree = "<group>";
      };
      "OBJ_2" = {
         isa = "XCConfigurationList";
         buildConfigurations = (
            "OBJ_3",
            "OBJ_4"
         );
         defaultConfigurationIsVisible = "0";
         defaultConfigurationName = "Release";
      };
      "OBJ_20" = {
         isa = "PBXFileReference";
         path = "ViewLayoutGuide.swift";
         sourceTree = "<group>";
      };
      "OBJ_200" = {
         isa = "PBXFileReference";
         path = "Line.swift";
         sourceTree = "<group>";
      };
      "OBJ_201" = {
         isa = "PBXFileReference";
         path = "PinGuideRepresentable.swift";
         sourceTree = "<group>";
      };
      "OBJ_202" = {
         isa = "PBXFileReference";
         path = "Point.swift";
         sourceTree = "<group>";
      };
      "OBJ_203" = {
         isa = "PBXFileReference";
         path = "Rect.swift";
         sourceTree = "<group>";
      };
      "OBJ_204" = {
         isa = "PBXFileReference";
         path = "SequentialFrame.swift";
         sourceTree = "<group>";
      };
      "OBJ_205" = {
         isa = "PBXFileReference";
         path = "Size.swift";
         sourceTree = "<group>";
      };
      "OBJ_206" = {
         isa = "PBXFileReference";
         path = "Span.swift";
         sourceTree = "<group>";
      };
      "OBJ_207" = {
         isa = "PBXFileReference";
         path = "Typealias.swift";
         sourceTree = "<group>";
      };
      "OBJ_208" = {
         isa = "PBXGroup";
         children = (
            "OBJ_209"
         );
         name = "Tests";
         path = "";
         sourceTree = "SOURCE_ROOT";
      };
      "OBJ_209" = {
         isa = "PBXGroup";
         children = (
            "OBJ_210",
            "OBJ_211",
            "OBJ_214",
            "OBJ_216",
            "OBJ_219",
            "OBJ_221"
         );
         name = "NotAutoLayoutTests";
         path = "Tests/NotAutoLayoutTests";
         sourceTree = "SOURCE_ROOT";
      };
      "OBJ_21" = {
         isa = "PBXFileReference";
         path = "ViewLayoutGuides.swift";
         sourceTree = "<group>";
      };
      "OBJ_210" = {
         isa = "PBXFileReference";
         path = "Info.plist";
         sourceTree = "<group>";
      };
      "OBJ_211" = {
         isa = "PBXGroup";
         children = (
            "OBJ_212",
            "OBJ_213"
         );
         name = "ExtensionsTest";
         path = "ExtensionsTest";
         sourceTree = "<group>";
      };
      "OBJ_212" = {
         isa = "PBXFileReference";
         path = "ArrayTest.swift";
         sourceTree = "<group>";
      };
      "OBJ_213" = {
         isa = "PBXFileReference";
         path = "DictionaryTest.swift";
         sourceTree = "<group>";
      };
      "OBJ_214" = {
         isa = "PBXGroup";
         children = (
            "OBJ_215"
         );
         name = "LayoutControlTest";
         path = "LayoutControlTest";
         sourceTree = "<group>";
      };
      "OBJ_215" = {
         isa = "PBXFileReference";
         path = "LayoutControllingTests.swift";
         sourceTree = "<group>";
      };
      "OBJ_216" = {
         isa = "PBXGroup";
         children = (
            "OBJ_217",
            "OBJ_218"
         );
         name = "LayoutTest";
         path = "LayoutTest";
         sourceTree = "<group>";
      };
      "OBJ_217" = {
         isa = "PBXFileReference";
         path = "ViewLayoutGuidesTest.swift";
         sourceTree = "<group>";
      };
      "OBJ_218" = {
         isa = "PBXFileReference";
         path = "ViewPinGuidesTest.swift";
         sourceTree = "<group>";
      };
      "OBJ_219" = {
         isa = "PBXGroup";
         children = (
            "OBJ_220"
         );
         name = "NotAutoLayoutCompatibleTest";
         path = "NotAutoLayoutCompatibleTest";
         sourceTree = "<group>";
      };
      "OBJ_22" = {
         isa = "PBXFileReference";
         path = "ViewPinGuide.swift";
         sourceTree = "<group>";
      };
      "OBJ_220" = {
         isa = "PBXFileReference";
         path = "NotAutoLayoutContainerTest.swift";
         sourceTree = "<group>";
      };
      "OBJ_221" = {
         isa = "PBXGroup";
         children = (
            "OBJ_222",
            "OBJ_223",
            "OBJ_224",
            "OBJ_225"
         );
         name = "TypesTest";
         path = "TypesTest";
         sourceTree = "<group>";
      };
      "OBJ_222" = {
         isa = "PBXFileReference";
         path = "FloatTest.swift";
         sourceTree = "<group>";
      };
      "OBJ_223" = {
         isa = "PBXFileReference";
         path = "RectTest.swift";
         sourceTree = "<group>";
      };
      "OBJ_224" = {
         isa = "PBXFileReference";
         path = "SizeTest.swift";
         sourceTree = "<group>";
      };
      "OBJ_225" = {
         isa = "PBXFileReference";
         path = "SpanTest.swift";
         sourceTree = "<group>";
      };
      "OBJ_226" = {
         isa = "PBXGroup";
         children = (
            "NotAutoLayout::NotAutoLayoutTests::Product",
            "NotAutoLayout::NotAutoLayout::Product"
         );
         name = "Products";
         path = "";
         sourceTree = "BUILT_PRODUCTS_DIR";
      };
      "OBJ_229" = {
         isa = "PBXFileReference";
         path = "NotAutoLayout.xcworkspace";
         sourceTree = "SOURCE_ROOT";
      };
      "OBJ_23" = {
         isa = "PBXFileReference";
         path = "ViewPinGuides.swift";
         sourceTree = "<group>";
      };
      "OBJ_230" = {
         isa = "PBXFileReference";
         path = "README_Resource";
         sourceTree = "SOURCE_ROOT";
      };
      "OBJ_231" = {
         isa = "PBXFileReference";
         path = "DerivedData";
         sourceTree = "SOURCE_ROOT";
      };
      "OBJ_232" = {
         isa = "PBXFileReference";
         path = "CODE_OF_CONDUCT.md";
         sourceTree = "<group>";
      };
      "OBJ_233" = {
         isa = "PBXFileReference";
         path = "Brewfile.lock.json";
         sourceTree = "<group>";
      };
      "OBJ_234" = {
         isa = "PBXFileReference";
         path = "LICENSE";
         sourceTree = "<group>";
      };
      "OBJ_235" = {
         isa = "PBXFileReference";
         path = "CHANGELOG.md";
         sourceTree = "<group>";
      };
      "OBJ_236" = {
         isa = "PBXFileReference";
         path = "NotAutoLayout.podspec";
         sourceTree = "<group>";
      };
      "OBJ_237" = {
         isa = "PBXFileReference";
         path = "README.md";
         sourceTree = "<group>";
      };
      "OBJ_238" = {
         isa = "PBXFileReference";
         path = "bootstrap.sh";
         sourceTree = "<group>";
      };
      "OBJ_239" = {
         isa = "PBXFileReference";
         path = "CONTRIBUTING.md";
         sourceTree = "<group>";
      };
      "OBJ_24" = {
         isa = "PBXGroup";
         children = (
            "OBJ_25"
         );
         name = "LayoutControl";
         path = "LayoutControl";
         sourceTree = "<group>";
      };
      "OBJ_240" = {
         isa = "PBXFileReference";
         path = "_config.yml";
         sourceTree = "<group>";
      };
      "OBJ_241" = {
         isa = "PBXFileReference";
         path = "Dangerfile";
         sourceTree = "<group>";
      };
      "OBJ_242" = {
         isa = "PBXFileReference";
         path = "Brewfile";
         sourceTree = "<group>";
      };
      "OBJ_244" = {
         isa = "XCConfigurationList";
         buildConfigurations = (
            "OBJ_245",
            "OBJ_246"
         );
         defaultConfigurationIsVisible = "0";
         defaultConfigurationName = "Release";
      };
      "OBJ_245" = {
         isa = "XCBuildConfiguration";
         buildSettings = {
            ENABLE_TESTABILITY = "YES";
            FRAMEWORK_SEARCH_PATHS = (
               "$(inherited)",
               "$(PLATFORM_DIR)/Developer/Library/Frameworks"
            );
            HEADER_SEARCH_PATHS = (
               "$(inherited)"
            );
            INFOPLIST_FILE = "NotAutoLayout.xcodeproj/NotAutoLayout_Info.plist";
            IPHONEOS_DEPLOYMENT_TARGET = "9.0";
            LD_RUNPATH_SEARCH_PATHS = (
               "$(inherited)",
               "$(TOOLCHAIN_DIR)/usr/lib/swift/macosx"
            );
            MACOSX_DEPLOYMENT_TARGET = "10.10";
            OTHER_CFLAGS = (
               "$(inherited)"
            );
            OTHER_LDFLAGS = (
               "$(inherited)"
            );
            OTHER_SWIFT_FLAGS = (
               "$(inherited)"
            );
            PRODUCT_BUNDLE_IDENTIFIER = "NotAutoLayout";
            PRODUCT_MODULE_NAME = "$(TARGET_NAME:c99extidentifier)";
            PRODUCT_NAME = "$(TARGET_NAME:c99extidentifier)";
            SKIP_INSTALL = "YES";
            SWIFT_ACTIVE_COMPILATION_CONDITIONS = (
               "$(inherited)"
            );
            SWIFT_VERSION = "5.0";
            TARGET_NAME = "NotAutoLayout";
            TVOS_DEPLOYMENT_TARGET = "9.0";
            WATCHOS_DEPLOYMENT_TARGET = "2.0";
         };
         name = "Debug";
      };
      "OBJ_246" = {
         isa = "XCBuildConfiguration";
         buildSettings = {
            ENABLE_TESTABILITY = "YES";
            FRAMEWORK_SEARCH_PATHS = (
               "$(inherited)",
               "$(PLATFORM_DIR)/Developer/Library/Frameworks"
            );
            HEADER_SEARCH_PATHS = (
               "$(inherited)"
            );
            INFOPLIST_FILE = "NotAutoLayout.xcodeproj/NotAutoLayout_Info.plist";
            IPHONEOS_DEPLOYMENT_TARGET = "9.0";
            LD_RUNPATH_SEARCH_PATHS = (
               "$(inherited)",
               "$(TOOLCHAIN_DIR)/usr/lib/swift/macosx"
            );
            MACOSX_DEPLOYMENT_TARGET = "10.10";
            OTHER_CFLAGS = (
               "$(inherited)"
            );
            OTHER_LDFLAGS = (
               "$(inherited)"
            );
            OTHER_SWIFT_FLAGS = (
               "$(inherited)"
            );
            PRODUCT_BUNDLE_IDENTIFIER = "NotAutoLayout";
            PRODUCT_MODULE_NAME = "$(TARGET_NAME:c99extidentifier)";
            PRODUCT_NAME = "$(TARGET_NAME:c99extidentifier)";
            SKIP_INSTALL = "YES";
            SWIFT_ACTIVE_COMPILATION_CONDITIONS = (
               "$(inherited)"
            );
            SWIFT_VERSION = "5.0";
            TARGET_NAME = "NotAutoLayout";
            TVOS_DEPLOYMENT_TARGET = "9.0";
            WATCHOS_DEPLOYMENT_TARGET = "2.0";
         };
         name = "Release";
      };
      "OBJ_247" = {
         isa = "PBXSourcesBuildPhase";
         files = (
            "OBJ_248",
            "OBJ_249",
            "OBJ_250",
            "OBJ_251",
            "OBJ_252",
            "OBJ_253",
            "OBJ_254",
            "OBJ_255",
            "OBJ_256",
            "OBJ_257",
            "OBJ_258",
            "OBJ_259",
            "OBJ_260",
            "OBJ_261",
            "OBJ_262",
            "OBJ_263",
            "OBJ_264",
            "OBJ_265",
            "OBJ_266",
            "OBJ_267",
            "OBJ_268",
            "OBJ_269",
            "OBJ_270",
            "OBJ_271",
            "OBJ_272",
            "OBJ_273",
            "OBJ_274",
            "OBJ_275",
            "OBJ_276",
            "OBJ_277",
            "OBJ_278",
            "OBJ_279",
            "OBJ_280",
            "OBJ_281",
            "OBJ_282",
            "OBJ_283",
            "OBJ_284",
            "OBJ_285",
            "OBJ_286",
            "OBJ_287",
            "OBJ_288",
            "OBJ_289",
            "OBJ_290",
            "OBJ_291",
            "OBJ_292",
            "OBJ_293",
            "OBJ_294",
            "OBJ_295",
            "OBJ_296",
            "OBJ_297",
            "OBJ_298",
            "OBJ_299",
            "OBJ_300",
            "OBJ_301",
            "OBJ_302",
            "OBJ_303",
            "OBJ_304",
            "OBJ_305",
            "OBJ_306",
            "OBJ_307",
            "OBJ_308",
            "OBJ_309",
            "OBJ_310",
            "OBJ_311",
            "OBJ_312",
            "OBJ_313",
            "OBJ_314",
            "OBJ_315",
            "OBJ_316",
            "OBJ_317",
            "OBJ_318",
            "OBJ_319",
            "OBJ_320",
            "OBJ_321",
            "OBJ_322",
            "OBJ_323",
            "OBJ_324",
            "OBJ_325",
            "OBJ_326",
            "OBJ_327",
            "OBJ_328",
            "OBJ_329",
            "OBJ_330",
            "OBJ_331",
            "OBJ_332",
            "OBJ_333",
            "OBJ_334",
            "OBJ_335",
            "OBJ_336",
            "OBJ_337",
            "OBJ_338",
            "OBJ_339",
            "OBJ_340",
            "OBJ_341",
            "OBJ_342",
            "OBJ_343",
            "OBJ_344",
            "OBJ_345",
            "OBJ_346",
            "OBJ_347",
            "OBJ_348",
            "OBJ_349",
            "OBJ_350",
            "OBJ_351",
            "OBJ_352",
            "OBJ_353",
            "OBJ_354",
            "OBJ_355",
            "OBJ_356",
            "OBJ_357",
            "OBJ_358",
            "OBJ_359",
            "OBJ_360",
            "OBJ_361",
            "OBJ_362",
            "OBJ_363",
            "OBJ_364",
            "OBJ_365",
            "OBJ_366",
            "OBJ_367",
            "OBJ_368",
            "OBJ_369",
            "OBJ_370",
            "OBJ_371",
            "OBJ_372",
            "OBJ_373",
            "OBJ_374",
            "OBJ_375",
            "OBJ_376",
            "OBJ_377",
            "OBJ_378",
            "OBJ_379",
            "OBJ_380",
            "OBJ_381",
            "OBJ_382",
            "OBJ_383",
            "OBJ_384",
            "OBJ_385",
            "OBJ_386",
            "OBJ_387",
            "OBJ_388",
            "OBJ_389",
            "OBJ_390",
            "OBJ_391",
            "OBJ_392",
            "OBJ_393",
            "OBJ_394",
            "OBJ_395",
            "OBJ_396",
            "OBJ_397",
            "OBJ_398",
            "OBJ_399",
            "OBJ_400",
            "OBJ_401",
            "OBJ_402",
            "OBJ_403",
            "OBJ_404",
            "OBJ_405",
            "OBJ_406",
            "OBJ_407",
            "OBJ_408",
            "OBJ_409",
            "OBJ_410",
            "OBJ_411",
            "OBJ_412",
            "OBJ_413",
            "OBJ_414",
            "OBJ_415",
            "OBJ_416",
            "OBJ_417",
            "OBJ_418",
            "OBJ_419",
            "OBJ_420",
            "OBJ_421",
            "OBJ_422",
            "OBJ_423",
            "OBJ_424",
            "OBJ_425"
         );
      };
      "OBJ_248" = {
         isa = "PBXBuildFile";
         fileRef = "OBJ_12";
      };
      "OBJ_249" = {
         isa = "PBXBuildFile";
         fileRef = "OBJ_13";
      };
      "OBJ_25" = {
         isa = "PBXFileReference";
         path = "LayoutControlling.swift";
         sourceTree = "<group>";
      };
      "OBJ_250" = {
         isa = "PBXBuildFile";
         fileRef = "OBJ_14";
      };
      "OBJ_251" = {
         isa = "PBXBuildFile";
         fileRef = "OBJ_16";
      };
      "OBJ_252" = {
         isa = "PBXBuildFile";
         fileRef = "OBJ_17";
      };
      "OBJ_253" = {
         isa = "PBXBuildFile";
         fileRef = "OBJ_18";
      };
      "OBJ_254" = {
         isa = "PBXBuildFile";
         fileRef = "OBJ_19";
      };
      "OBJ_255" = {
         isa = "PBXBuildFile";
         fileRef = "OBJ_20";
      };
      "OBJ_256" = {
         isa = "PBXBuildFile";
         fileRef = "OBJ_21";
      };
      "OBJ_257" = {
         isa = "PBXBuildFile";
         fileRef = "OBJ_22";
      };
      "OBJ_258" = {
         isa = "PBXBuildFile";
         fileRef = "OBJ_23";
      };
      "OBJ_259" = {
         isa = "PBXBuildFile";
         fileRef = "OBJ_25";
      };
      "OBJ_26" = {
         isa = "PBXGroup";
         children = (
            "OBJ_27",
            "OBJ_28",
            "OBJ_29",
            "OBJ_30",
            "OBJ_31",
            "OBJ_32",
            "OBJ_33",
            "OBJ_34"
         );
         name = "LayoutInfoStorable";
         path = "LayoutInfoStorable";
         sourceTree = "<group>";
      };
      "OBJ_260" = {
         isa = "PBXBuildFile";
         fileRef = "OBJ_27";
      };
      "OBJ_261" = {
         isa = "PBXBuildFile";
         fileRef = "OBJ_28";
      };
      "OBJ_262" = {
         isa = "PBXBuildFile";
         fileRef = "OBJ_29";
      };
      "OBJ_263" = {
         isa = "PBXBuildFile";
         fileRef = "OBJ_30";
      };
      "OBJ_264" = {
         isa = "PBXBuildFile";
         fileRef = "OBJ_31";
      };
      "OBJ_265" = {
         isa = "PBXBuildFile";
         fileRef = "OBJ_32";
      };
      "OBJ_266" = {
         isa = "PBXBuildFile";
         fileRef = "OBJ_33";
      };
      "OBJ_267" = {
         isa = "PBXBuildFile";
         fileRef = "OBJ_34";
      };
      "OBJ_268" = {
         isa = "PBXBuildFile";
         fileRef = "OBJ_38";
      };
      "OBJ_269" = {
         isa = "PBXBuildFile";
         fileRef = "OBJ_40";
      };
      "OBJ_27" = {
         isa = "PBXFileReference";
         path = "Condition.swift";
         sourceTree = "<group>";
      };
      "OBJ_270" = {
         isa = "PBXBuildFile";
         fileRef = "OBJ_41";
      };
      "OBJ_271" = {
         isa = "PBXBuildFile";
         fileRef = "OBJ_42";
      };
      "OBJ_272" = {
         isa = "PBXBuildFile";
         fileRef = "OBJ_44";
      };
      "OBJ_273" = {
         isa = "PBXBuildFile";
         fileRef = "OBJ_45";
      };
      "OBJ_274" = {
         isa = "PBXBuildFile";
         fileRef = "OBJ_46";
      };
      "OBJ_275" = {
         isa = "PBXBuildFile";
         fileRef = "OBJ_47";
      };
      "OBJ_276" = {
         isa = "PBXBuildFile";
         fileRef = "OBJ_48";
      };
      "OBJ_277" = {
         isa = "PBXBuildFile";
         fileRef = "OBJ_49";
      };
      "OBJ_278" = {
         isa = "PBXBuildFile";
         fileRef = "OBJ_50";
      };
      "OBJ_279" = {
         isa = "PBXBuildFile";
         fileRef = "OBJ_51";
      };
      "OBJ_28" = {
         isa = "PBXFileReference";
         path = "LayoutInfoStorable.swift";
         sourceTree = "<group>";
      };
      "OBJ_280" = {
         isa = "PBXBuildFile";
         fileRef = "OBJ_52";
      };
      "OBJ_281" = {
         isa = "PBXBuildFile";
         fileRef = "OBJ_53";
      };
      "OBJ_282" = {
         isa = "PBXBuildFile";
         fileRef = "OBJ_54";
      };
      "OBJ_283" = {
         isa = "PBXBuildFile";
         fileRef = "OBJ_55";
      };
      "OBJ_284" = {
         isa = "PBXBuildFile";
         fileRef = "OBJ_56";
      };
      "OBJ_285" = {
         isa = "PBXBuildFile";
         fileRef = "OBJ_57";
      };
      "OBJ_286" = {
         isa = "PBXBuildFile";
         fileRef = "OBJ_58";
      };
      "OBJ_287" = {
         isa = "PBXBuildFile";
         fileRef = "OBJ_59";
      };
      "OBJ_288" = {
         isa = "PBXBuildFile";
         fileRef = "OBJ_60";
      };
      "OBJ_289" = {
         isa = "PBXBuildFile";
         fileRef = "OBJ_61";
      };
      "OBJ_29" = {
         isa = "PBXFileReference";
         path = "LayoutInfoStorableLayoutControlling.swift";
         sourceTree = "<group>";
      };
      "OBJ_290" = {
         isa = "PBXBuildFile";
         fileRef = "OBJ_62";
      };
      "OBJ_291" = {
         isa = "PBXBuildFile";
         fileRef = "OBJ_63";
      };
      "OBJ_292" = {
         isa = "PBXBuildFile";
         fileRef = "OBJ_64";
      };
      "OBJ_293" = {
         isa = "PBXBuildFile";
         fileRef = "OBJ_66";
      };
      "OBJ_294" = {
         isa = "PBXBuildFile";
         fileRef = "OBJ_67";
      };
      "OBJ_295" = {
         isa = "PBXBuildFile";
         fileRef = "OBJ_68";
      };
      "OBJ_296" = {
         isa = "PBXBuildFile";
         fileRef = "OBJ_69";
      };
      "OBJ_297" = {
         isa = "PBXBuildFile";
         fileRef = "OBJ_70";
      };
      "OBJ_298" = {
         isa = "PBXBuildFile";
         fileRef = "OBJ_71";
      };
      "OBJ_299" = {
         isa = "PBXBuildFile";
         fileRef = "OBJ_72";
      };
      "OBJ_3" = {
         isa = "XCBuildConfiguration";
         buildSettings = {
            CLANG_ENABLE_OBJC_ARC = "YES";
            COMBINE_HIDPI_IMAGES = "YES";
            COPY_PHASE_STRIP = "NO";
            DEBUG_INFORMATION_FORMAT = "dwarf";
            DYLIB_INSTALL_NAME_BASE = "@rpath";
            ENABLE_NS_ASSERTIONS = "YES";
            GCC_OPTIMIZATION_LEVEL = "0";
            GCC_PREPROCESSOR_DEFINITIONS = (
               "$(inherited)",
               "SWIFT_PACKAGE=1",
               "DEBUG=1"
            );
            MACOSX_DEPLOYMENT_TARGET = "10.10";
            ONLY_ACTIVE_ARCH = "YES";
            OTHER_SWIFT_FLAGS = (
               "$(inherited)",
               "-DXcode"
            );
            PRODUCT_NAME = "$(TARGET_NAME)";
            SDKROOT = "macosx";
            SUPPORTED_PLATFORMS = (
               "macosx",
               "iphoneos",
               "iphonesimulator",
               "appletvos",
               "appletvsimulator",
               "watchos",
               "watchsimulator"
            );
            SWIFT_ACTIVE_COMPILATION_CONDITIONS = (
               "$(inherited)",
               "SWIFT_PACKAGE",
               "DEBUG"
            );
            SWIFT_OPTIMIZATION_LEVEL = "-Onone";
            USE_HEADERMAP = "NO";
         };
         name = "Debug";
      };
      "OBJ_30" = {
         isa = "PBXFileReference";
         path = "LayoutInfoStorableOtherPublicAPIs.swift";
         sourceTree = "<group>";
      };
      "OBJ_300" = {
         isa = "PBXBuildFile";
         fileRef = "OBJ_73";
      };
      "OBJ_301" = {
         isa = "PBXBuildFile";
         fileRef = "OBJ_74";
      };
      "OBJ_302" = {
         isa = "PBXBuildFile";
         fileRef = "OBJ_75";
      };
      "OBJ_303" = {
         isa = "PBXBuildFile";
         fileRef = "OBJ_76";
      };
      "OBJ_304" = {
         isa = "PBXBuildFile";
         fileRef = "OBJ_77";
      };
      "OBJ_305" = {
         isa = "PBXBuildFile";
         fileRef = "OBJ_78";
      };
      "OBJ_306" = {
         isa = "PBXBuildFile";
         fileRef = "OBJ_79";
      };
      "OBJ_307" = {
         isa = "PBXBuildFile";
         fileRef = "OBJ_80";
      };
      "OBJ_308" = {
         isa = "PBXBuildFile";
         fileRef = "OBJ_81";
      };
      "OBJ_309" = {
         isa = "PBXBuildFile";
         fileRef = "OBJ_82";
      };
      "OBJ_31" = {
         isa = "PBXFileReference";
         path = "LayoutInfoStoredScrollView.swift";
         sourceTree = "<group>";
      };
      "OBJ_310" = {
         isa = "PBXBuildFile";
         fileRef = "OBJ_83";
      };
      "OBJ_311" = {
         isa = "PBXBuildFile";
         fileRef = "OBJ_84";
      };
      "OBJ_312" = {
         isa = "PBXBuildFile";
         fileRef = "OBJ_85";
      };
      "OBJ_313" = {
         isa = "PBXBuildFile";
         fileRef = "OBJ_86";
      };
      "OBJ_314" = {
         isa = "PBXBuildFile";
         fileRef = "OBJ_87";
      };
      "OBJ_315" = {
         isa = "PBXBuildFile";
         fileRef = "OBJ_88";
      };
      "OBJ_316" = {
         isa = "PBXBuildFile";
         fileRef = "OBJ_89";
      };
      "OBJ_317" = {
         isa = "PBXBuildFile";
         fileRef = "OBJ_90";
      };
      "OBJ_318" = {
         isa = "PBXBuildFile";
         fileRef = "OBJ_91";
      };
      "OBJ_319" = {
         isa = "PBXBuildFile";
         fileRef = "OBJ_92";
      };
      "OBJ_32" = {
         isa = "PBXFileReference";
         path = "LayoutInfoStoredView.swift";
         sourceTree = "<group>";
      };
      "OBJ_320" = {
         isa = "PBXBuildFile";
         fileRef = "OBJ_93";
      };
      "OBJ_321" = {
         isa = "PBXBuildFile";
         fileRef = "OBJ_94";
      };
      "OBJ_322" = {
         isa = "PBXBuildFile";
         fileRef = "OBJ_95";
      };
      "OBJ_323" = {
         isa = "PBXBuildFile";
         fileRef = "OBJ_96";
      };
      "OBJ_324" = {
         isa = "PBXBuildFile";
         fileRef = "OBJ_97";
      };
      "OBJ_325" = {
         isa = "PBXBuildFile";
         fileRef = "OBJ_98";
      };
      "OBJ_326" = {
         isa = "PBXBuildFile";
         fileRef = "OBJ_99";
      };
      "OBJ_327" = {
         isa = "PBXBuildFile";
         fileRef = "OBJ_100";
      };
      "OBJ_328" = {
         isa = "PBXBuildFile";
         fileRef = "OBJ_101";
      };
      "OBJ_329" = {
         isa = "PBXBuildFile";
         fileRef = "OBJ_102";
      };
      "OBJ_33" = {
         isa = "PBXFileReference";
         path = "SubviewSetupWizard.swift";
         sourceTree = "<group>";
      };
      "OBJ_330" = {
         isa = "PBXBuildFile";
         fileRef = "OBJ_103";
      };
      "OBJ_331" = {
         isa = "PBXBuildFile";
         fileRef = "OBJ_104";
      };
      "OBJ_332" = {
         isa = "PBXBuildFile";
         fileRef = "OBJ_105";
      };
      "OBJ_333" = {
         isa = "PBXBuildFile";
         fileRef = "OBJ_106";
      };
      "OBJ_334" = {
         isa = "PBXBuildFile";
         fileRef = "OBJ_107";
      };
      "OBJ_335" = {
         isa = "PBXBuildFile";
         fileRef = "OBJ_108";
      };
      "OBJ_336" = {
         isa = "PBXBuildFile";
         fileRef = "OBJ_109";
      };
      "OBJ_337" = {
         isa = "PBXBuildFile";
         fileRef = "OBJ_110";
      };
      "OBJ_338" = {
         isa = "PBXBuildFile";
         fileRef = "OBJ_111";
      };
      "OBJ_339" = {
         isa = "PBXBuildFile";
         fileRef = "OBJ_112";
      };
      "OBJ_34" = {
         isa = "PBXFileReference";
         path = "ViewInfo.swift";
         sourceTree = "<group>";
      };
      "OBJ_340" = {
         isa = "PBXBuildFile";
         fileRef = "OBJ_113";
      };
      "OBJ_341" = {
         isa = "PBXBuildFile";
         fileRef = "OBJ_114";
      };
      "OBJ_342" = {
         isa = "PBXBuildFile";
         fileRef = "OBJ_115";
      };
      "OBJ_343" = {
         isa = "PBXBuildFile";
         fileRef = "OBJ_116";
      };
      "OBJ_344" = {
         isa = "PBXBuildFile";
         fileRef = "OBJ_117";
      };
      "OBJ_345" = {
         isa = "PBXBuildFile";
         fileRef = "OBJ_118";
      };
      "OBJ_346" = {
         isa = "PBXBuildFile";
         fileRef = "OBJ_119";
      };
      "OBJ_347" = {
         isa = "PBXBuildFile";
         fileRef = "OBJ_120";
      };
      "OBJ_348" = {
         isa = "PBXBuildFile";
         fileRef = "OBJ_121";
      };
      "OBJ_349" = {
         isa = "PBXBuildFile";
         fileRef = "OBJ_122";
      };
      "OBJ_35" = {
         isa = "PBXGroup";
         children = (
            "OBJ_36",
            "OBJ_158",
            "OBJ_181"
         );
         name = "LayoutMaker";
         path = "LayoutMaker";
         sourceTree = "<group>";
      };
      "OBJ_350" = {
         isa = "PBXBuildFile";
         fileRef = "OBJ_123";
      };
      "OBJ_351" = {
         isa = "PBXBuildFile";
         fileRef = "OBJ_124";
      };
      "OBJ_352" = {
         isa = "PBXBuildFile";
         fileRef = "OBJ_125";
      };
      "OBJ_353" = {
         isa = "PBXBuildFile";
         fileRef = "OBJ_126";
      };
      "OBJ_354" = {
         isa = "PBXBuildFile";
         fileRef = "OBJ_127";
      };
      "OBJ_355" = {
         isa = "PBXBuildFile";
         fileRef = "OBJ_128";
      };
      "OBJ_356" = {
         isa = "PBXBuildFile";
         fileRef = "OBJ_129";
      };
      "OBJ_357" = {
         isa = "PBXBuildFile";
         fileRef = "OBJ_130";
      };
      "OBJ_358" = {
         isa = "PBXBuildFile";
         fileRef = "OBJ_131";
      };
      "OBJ_359" = {
         isa = "PBXBuildFile";
         fileRef = "OBJ_132";
      };
      "OBJ_36" = {
         isa = "PBXGroup";
         children = (
            "OBJ_37",
            "OBJ_39",
            "OBJ_43",
            "OBJ_65",
            "OBJ_156"
         );
         name = "IndividualProperties";
         path = "IndividualProperties";
         sourceTree = "<group>";
      };
      "OBJ_360" = {
         isa = "PBXBuildFile";
         fileRef = "OBJ_133";
      };
      "OBJ_361" = {
         isa = "PBXBuildFile";
         fileRef = "OBJ_134";
      };
      "OBJ_362" = {
         isa = "PBXBuildFile";
         fileRef = "OBJ_135";
      };
      "OBJ_363" = {
         isa = "PBXBuildFile";
         fileRef = "OBJ_136";
      };
      "OBJ_364" = {
         isa = "PBXBuildFile";
         fileRef = "OBJ_137";
      };
      "OBJ_365" = {
         isa = "PBXBuildFile";
         fileRef = "OBJ_138";
      };
      "OBJ_366" = {
         isa = "PBXBuildFile";
         fileRef = "OBJ_139";
      };
      "OBJ_367" = {
         isa = "PBXBuildFile";
         fileRef = "OBJ_140";
      };
      "OBJ_368" = {
         isa = "PBXBuildFile";
         fileRef = "OBJ_141";
      };
      "OBJ_369" = {
         isa = "PBXBuildFile";
         fileRef = "OBJ_142";
      };
      "OBJ_37" = {
         isa = "PBXGroup";
         children = (
            "OBJ_38"
         );
         name = "0-Element";
         path = "0-Element";
         sourceTree = "<group>";
      };
      "OBJ_370" = {
         isa = "PBXBuildFile";
         fileRef = "OBJ_143";
      };
      "OBJ_371" = {
         isa = "PBXBuildFile";
         fileRef = "OBJ_144";
      };
      "OBJ_372" = {
         isa = "PBXBuildFile";
         fileRef = "OBJ_145";
      };
      "OBJ_373" = {
         isa = "PBXBuildFile";
         fileRef = "OBJ_146";
      };
      "OBJ_374" = {
         isa = "PBXBuildFile";
         fileRef = "OBJ_147";
      };
      "OBJ_375" = {
         isa = "PBXBuildFile";
         fileRef = "OBJ_148";
      };
      "OBJ_376" = {
         isa = "PBXBuildFile";
         fileRef = "OBJ_149";
      };
      "OBJ_377" = {
         isa = "PBXBuildFile";
         fileRef = "OBJ_150";
      };
      "OBJ_378" = {
         isa = "PBXBuildFile";
         fileRef = "OBJ_151";
      };
      "OBJ_379" = {
         isa = "PBXBuildFile";
         fileRef = "OBJ_152";
      };
      "OBJ_38" = {
         isa = "PBXFileReference";
         path = "Initial.Individual.swift";
         sourceTree = "<group>";
      };
      "OBJ_380" = {
         isa = "PBXBuildFile";
         fileRef = "OBJ_153";
      };
      "OBJ_381" = {
         isa = "PBXBuildFile";
         fileRef = "OBJ_154";
      };
      "OBJ_382" = {
         isa = "PBXBuildFile";
         fileRef = "OBJ_155";
      };
      "OBJ_383" = {
         isa = "PBXBuildFile";
         fileRef = "OBJ_157";
      };
      "OBJ_384" = {
         isa = "PBXBuildFile";
         fileRef = "OBJ_159";
      };
      "OBJ_385" = {
         isa = "PBXBuildFile";
         fileRef = "OBJ_160";
      };
      "OBJ_386" = {
         isa = "PBXBuildFile";
         fileRef = "OBJ_161";
      };
      "OBJ_387" = {
         isa = "PBXBuildFile";
         fileRef = "OBJ_162";
      };
      "OBJ_388" = {
         isa = "PBXBuildFile";
         fileRef = "OBJ_163";
      };
      "OBJ_389" = {
         isa = "PBXBuildFile";
         fileRef = "OBJ_164";
      };
      "OBJ_39" = {
         isa = "PBXGroup";
         children = (
            "OBJ_40",
            "OBJ_41",
            "OBJ_42"
         );
         name = "1-Element";
         path = "1-Element";
         sourceTree = "<group>";
      };
      "OBJ_390" = {
         isa = "PBXBuildFile";
         fileRef = "OBJ_165";
      };
      "OBJ_391" = {
         isa = "PBXBuildFile";
         fileRef = "OBJ_166";
      };
      "OBJ_392" = {
         isa = "PBXBuildFile";
         fileRef = "OBJ_167";
      };
      "OBJ_393" = {
         isa = "PBXBuildFile";
         fileRef = "OBJ_168";
      };
      "OBJ_394" = {
         isa = "PBXBuildFile";
         fileRef = "OBJ_169";
      };
      "OBJ_395" = {
         isa = "PBXBuildFile";
         fileRef = "OBJ_170";
      };
      "OBJ_396" = {
         isa = "PBXBuildFile";
         fileRef = "OBJ_171";
      };
      "OBJ_397" = {
         isa = "PBXBuildFile";
         fileRef = "OBJ_172";
      };
      "OBJ_398" = {
         isa = "PBXBuildFile";
         fileRef = "OBJ_173";
      };
      "OBJ_399" = {
         isa = "PBXBuildFile";
         fileRef = "OBJ_174";
      };
      "OBJ_4" = {
         isa = "XCBuildConfiguration";
         buildSettings = {
            CLANG_ENABLE_OBJC_ARC = "YES";
            COMBINE_HIDPI_IMAGES = "YES";
            COPY_PHASE_STRIP = "YES";
            DEBUG_INFORMATION_FORMAT = "dwarf-with-dsym";
            DYLIB_INSTALL_NAME_BASE = "@rpath";
            GCC_OPTIMIZATION_LEVEL = "s";
            GCC_PREPROCESSOR_DEFINITIONS = (
               "$(inherited)",
               "SWIFT_PACKAGE=1"
            );
            MACOSX_DEPLOYMENT_TARGET = "10.10";
            OTHER_SWIFT_FLAGS = (
               "$(inherited)",
               "-DXcode"
            );
            PRODUCT_NAME = "$(TARGET_NAME)";
            SDKROOT = "macosx";
            SUPPORTED_PLATFORMS = (
               "macosx",
               "iphoneos",
               "iphonesimulator",
               "appletvos",
               "appletvsimulator",
               "watchos",
               "watchsimulator"
            );
            SWIFT_ACTIVE_COMPILATION_CONDITIONS = (
               "$(inherited)",
               "SWIFT_PACKAGE"
            );
            SWIFT_OPTIMIZATION_LEVEL = "-Owholemodule";
            USE_HEADERMAP = "NO";
         };
         name = "Release";
      };
      "OBJ_40" = {
         isa = "PBXFileReference";
         path = "Center.Individual.swift";
         sourceTree = "<group>";
      };
      "OBJ_400" = {
         isa = "PBXBuildFile";
         fileRef = "OBJ_175";
      };
      "OBJ_401" = {
         isa = "PBXBuildFile";
         fileRef = "OBJ_176";
      };
      "OBJ_402" = {
         isa = "PBXBuildFile";
         fileRef = "OBJ_177";
      };
      "OBJ_403" = {
         isa = "PBXBuildFile";
         fileRef = "OBJ_178";
      };
      "OBJ_404" = {
         isa = "PBXBuildFile";
         fileRef = "OBJ_179";
      };
      "OBJ_405" = {
         isa = "PBXBuildFile";
         fileRef = "OBJ_180";
      };
      "OBJ_406" = {
         isa = "PBXBuildFile";
         fileRef = "OBJ_183";
      };
      "OBJ_407" = {
         isa = "PBXBuildFile";
         fileRef = "OBJ_185";
      };
      "OBJ_408" = {
         isa = "PBXBuildFile";
         fileRef = "OBJ_187";
      };
      "OBJ_409" = {
         isa = "PBXBuildFile";
         fileRef = "OBJ_189";
      };
      "OBJ_41" = {
         isa = "PBXFileReference";
         path = "Left.Individual.swift";
         sourceTree = "<group>";
      };
      "OBJ_410" = {
         isa = "PBXBuildFile";
         fileRef = "OBJ_190";
      };
      "OBJ_411" = {
         isa = "PBXBuildFile";
         fileRef = "OBJ_192";
      };
      "OBJ_412" = {
         isa = "PBXBuildFile";
         fileRef = "OBJ_194";
      };
      "OBJ_413" = {
         isa = "PBXBuildFile";
         fileRef = "OBJ_195";
      };
      "OBJ_414" = {
         isa = "PBXBuildFile";
         fileRef = "OBJ_196";
      };
      "OBJ_415" = {
         isa = "PBXBuildFile";
         fileRef = "OBJ_197";
      };
      "OBJ_416" = {
         isa = "PBXBuildFile";
         fileRef = "OBJ_198";
      };
      "OBJ_417" = {
         isa = "PBXBuildFile";
         fileRef = "OBJ_199";
      };
      "OBJ_418" = {
         isa = "PBXBuildFile";
         fileRef = "OBJ_200";
      };
      "OBJ_419" = {
         isa = "PBXBuildFile";
         fileRef = "OBJ_201";
      };
      "OBJ_42" = {
         isa = "PBXFileReference";
         path = "Right.Individual.swift";
         sourceTree = "<group>";
      };
      "OBJ_420" = {
         isa = "PBXBuildFile";
         fileRef = "OBJ_202";
      };
      "OBJ_421" = {
         isa = "PBXBuildFile";
         fileRef = "OBJ_203";
      };
      "OBJ_422" = {
         isa = "PBXBuildFile";
         fileRef = "OBJ_204";
      };
      "OBJ_423" = {
         isa = "PBXBuildFile";
         fileRef = "OBJ_205";
      };
      "OBJ_424" = {
         isa = "PBXBuildFile";
         fileRef = "OBJ_206";
      };
      "OBJ_425" = {
         isa = "PBXBuildFile";
         fileRef = "OBJ_207";
      };
      "OBJ_426" = {
         isa = "PBXFrameworksBuildPhase";
         files = (
         );
      };
      "OBJ_428" = {
         isa = "XCConfigurationList";
         buildConfigurations = (
            "OBJ_429",
            "OBJ_430"
         );
         defaultConfigurationIsVisible = "0";
         defaultConfigurationName = "Release";
      };
      "OBJ_429" = {
         isa = "XCBuildConfiguration";
         buildSettings = {
            LD = "/usr/bin/true";
            OTHER_SWIFT_FLAGS = (
               "-swift-version",
               "5",
               "-I",
               "$(TOOLCHAIN_DIR)/usr/lib/swift/pm/4_2",
               "-target",
               "x86_64-apple-macosx10.10",
               "-sdk",
               "/Applications/Xcode.app/Contents/Developer/Platforms/MacOSX.platform/Developer/SDKs/MacOSX10.15.sdk",
               "-package-description-version",
               "5.2.0"
            );
            SWIFT_VERSION = "5.0";
         };
         name = "Debug";
      };
      "OBJ_43" = {
         isa = "PBXGroup";
         children = (
            "OBJ_44",
            "OBJ_45",
            "OBJ_46",
            "OBJ_47",
            "OBJ_48",
            "OBJ_49",
            "OBJ_50",
            "OBJ_51",
            "OBJ_52",
            "OBJ_53",
            "OBJ_54",
            "OBJ_55",
            "OBJ_56",
            "OBJ_57",
            "OBJ_58",
            "OBJ_59",
            "OBJ_60",
            "OBJ_61",
            "OBJ_62",
            "OBJ_63",
            "OBJ_64"
         );
         name = "2-Element";
         path = "2-Element";
         sourceTree = "<group>";
      };
      "OBJ_430" = {
         isa = "XCBuildConfiguration";
         buildSettings = {
            LD = "/usr/bin/true";
            OTHER_SWIFT_FLAGS = (
               "-swift-version",
               "5",
               "-I",
               "$(TOOLCHAIN_DIR)/usr/lib/swift/pm/4_2",
               "-target",
               "x86_64-apple-macosx10.10",
               "-sdk",
               "/Applications/Xcode.app/Contents/Developer/Platforms/MacOSX.platform/Developer/SDKs/MacOSX10.15.sdk",
               "-package-description-version",
               "5.2.0"
            );
            SWIFT_VERSION = "5.0";
         };
         name = "Release";
      };
      "OBJ_431" = {
         isa = "PBXSourcesBuildPhase";
         files = (
            "OBJ_432"
         );
      };
      "OBJ_432" = {
         isa = "PBXBuildFile";
         fileRef = "OBJ_6";
      };
      "OBJ_434" = {
         isa = "XCConfigurationList";
         buildConfigurations = (
            "OBJ_435",
            "OBJ_436"
         );
         defaultConfigurationIsVisible = "0";
         defaultConfigurationName = "Release";
      };
      "OBJ_435" = {
         isa = "XCBuildConfiguration";
         buildSettings = {
         };
         name = "Debug";
      };
      "OBJ_436" = {
         isa = "XCBuildConfiguration";
         buildSettings = {
         };
         name = "Release";
      };
      "OBJ_437" = {
         isa = "PBXTargetDependency";
         target = "NotAutoLayout::NotAutoLayoutTests";
      };
      "OBJ_439" = {
         isa = "XCConfigurationList";
         buildConfigurations = (
            "OBJ_440",
            "OBJ_441"
         );
         defaultConfigurationIsVisible = "0";
         defaultConfigurationName = "Release";
      };
      "OBJ_44" = {
         isa = "PBXFileReference";
         path = "BottomCenter.Individual.swift";
         sourceTree = "<group>";
      };
      "OBJ_440" = {
         isa = "XCBuildConfiguration";
         buildSettings = {
            CLANG_ENABLE_MODULES = "YES";
            EMBEDDED_CONTENT_CONTAINS_SWIFT = "YES";
            FRAMEWORK_SEARCH_PATHS = (
               "$(inherited)",
               "$(PLATFORM_DIR)/Developer/Library/Frameworks"
            );
            HEADER_SEARCH_PATHS = (
               "$(inherited)"
            );
            INFOPLIST_FILE = "NotAutoLayout.xcodeproj/NotAutoLayoutTests_Info.plist";
            IPHONEOS_DEPLOYMENT_TARGET = "9.0";
            LD_RUNPATH_SEARCH_PATHS = (
               "$(inherited)",
               "@loader_path/../Frameworks",
               "@loader_path/Frameworks"
            );
            MACOSX_DEPLOYMENT_TARGET = "10.10";
            OTHER_CFLAGS = (
               "$(inherited)"
            );
            OTHER_LDFLAGS = (
               "$(inherited)"
            );
            OTHER_SWIFT_FLAGS = (
               "$(inherited)"
            );
            SWIFT_ACTIVE_COMPILATION_CONDITIONS = (
               "$(inherited)"
            );
            SWIFT_VERSION = "5.0";
            TARGET_NAME = "NotAutoLayoutTests";
            TVOS_DEPLOYMENT_TARGET = "9.0";
            WATCHOS_DEPLOYMENT_TARGET = "2.0";
         };
         name = "Debug";
      };
      "OBJ_441" = {
         isa = "XCBuildConfiguration";
         buildSettings = {
            CLANG_ENABLE_MODULES = "YES";
            EMBEDDED_CONTENT_CONTAINS_SWIFT = "YES";
            FRAMEWORK_SEARCH_PATHS = (
               "$(inherited)",
               "$(PLATFORM_DIR)/Developer/Library/Frameworks"
            );
            HEADER_SEARCH_PATHS = (
               "$(inherited)"
            );
            INFOPLIST_FILE = "NotAutoLayout.xcodeproj/NotAutoLayoutTests_Info.plist";
            IPHONEOS_DEPLOYMENT_TARGET = "9.0";
            LD_RUNPATH_SEARCH_PATHS = (
               "$(inherited)",
               "@loader_path/../Frameworks",
               "@loader_path/Frameworks"
            );
            MACOSX_DEPLOYMENT_TARGET = "10.10";
            OTHER_CFLAGS = (
               "$(inherited)"
            );
            OTHER_LDFLAGS = (
               "$(inherited)"
            );
            OTHER_SWIFT_FLAGS = (
               "$(inherited)"
            );
            SWIFT_ACTIVE_COMPILATION_CONDITIONS = (
               "$(inherited)"
            );
            SWIFT_VERSION = "5.0";
            TARGET_NAME = "NotAutoLayoutTests";
            TVOS_DEPLOYMENT_TARGET = "9.0";
            WATCHOS_DEPLOYMENT_TARGET = "2.0";
         };
         name = "Release";
      };
      "OBJ_442" = {
         isa = "PBXSourcesBuildPhase";
         files = (
            "OBJ_443",
            "OBJ_444",
            "OBJ_445",
            "OBJ_446",
            "OBJ_447",
            "OBJ_448",
            "OBJ_449",
            "OBJ_450",
            "OBJ_451",
            "OBJ_452"
         );
      };
      "OBJ_443" = {
         isa = "PBXBuildFile";
         fileRef = "OBJ_212";
      };
      "OBJ_444" = {
         isa = "PBXBuildFile";
         fileRef = "OBJ_213";
      };
      "OBJ_445" = {
         isa = "PBXBuildFile";
         fileRef = "OBJ_215";
      };
      "OBJ_446" = {
         isa = "PBXBuildFile";
         fileRef = "OBJ_217";
      };
      "OBJ_447" = {
         isa = "PBXBuildFile";
         fileRef = "OBJ_218";
      };
      "OBJ_448" = {
         isa = "PBXBuildFile";
         fileRef = "OBJ_220";
      };
      "OBJ_449" = {
         isa = "PBXBuildFile";
         fileRef = "OBJ_222";
      };
      "OBJ_45" = {
         isa = "PBXFileReference";
         path = "BottomLeft.Individual.swift";
         sourceTree = "<group>";
      };
      "OBJ_450" = {
         isa = "PBXBuildFile";
         fileRef = "OBJ_223";
      };
      "OBJ_451" = {
         isa = "PBXBuildFile";
         fileRef = "OBJ_224";
      };
      "OBJ_452" = {
         isa = "PBXBuildFile";
         fileRef = "OBJ_225";
      };
      "OBJ_453" = {
         isa = "PBXFrameworksBuildPhase";
         files = (
            "OBJ_454"
         );
      };
      "OBJ_454" = {
         isa = "PBXBuildFile";
         fileRef = "NotAutoLayout::NotAutoLayout::Product";
      };
      "OBJ_455" = {
         isa = "PBXTargetDependency";
         target = "NotAutoLayout::NotAutoLayout";
      };
      "OBJ_46" = {
         isa = "PBXFileReference";
         path = "BottomRight.Individual.swift";
         sourceTree = "<group>";
      };
      "OBJ_47" = {
         isa = "PBXFileReference";
         path = "CenterBottom.Individual.swift";
         sourceTree = "<group>";
      };
      "OBJ_48" = {
         isa = "PBXFileReference";
         path = "CenterMiddle.Individual.swift";
         sourceTree = "<group>";
      };
      "OBJ_49" = {
         isa = "PBXFileReference";
         path = "CenterRight.Individual.swift";
         sourceTree = "<group>";
      };
      "OBJ_5" = {
         isa = "PBXGroup";
         children = (
            "OBJ_6",
            "OBJ_7",
            "OBJ_208",
            "OBJ_226",
            "OBJ_229",
            "OBJ_230",
            "OBJ_231",
            "OBJ_232",
            "OBJ_233",
            "OBJ_234",
            "OBJ_235",
            "OBJ_236",
            "OBJ_237",
            "OBJ_238",
            "OBJ_239",
            "OBJ_240",
            "OBJ_241",
            "OBJ_242"
         );
         path = "";
         sourceTree = "<group>";
      };
      "OBJ_50" = {
         isa = "PBXFileReference";
         path = "CenterTop.Individual.swift";
         sourceTree = "<group>";
      };
      "OBJ_51" = {
         isa = "PBXFileReference";
         path = "LeftBottom.Individual.swift";
         sourceTree = "<group>";
      };
      "OBJ_52" = {
         isa = "PBXFileReference";
         path = "LeftCenter.Individual.swift";
         sourceTree = "<group>";
      };
      "OBJ_53" = {
         isa = "PBXFileReference";
         path = "LeftMiddle.Individual.swift";
         sourceTree = "<group>";
      };
      "OBJ_54" = {
         isa = "PBXFileReference";
         path = "LeftRight.Individual.swift";
         sourceTree = "<group>";
      };
      "OBJ_55" = {
         isa = "PBXFileReference";
         path = "LeftTop.Individual.swift";
         sourceTree = "<group>";
      };
      "OBJ_56" = {
         isa = "PBXFileReference";
         path = "MiddleCenter.Individual.swift";
         sourceTree = "<group>";
      };
      "OBJ_57" = {
         isa = "PBXFileReference";
         path = "MiddleLeft.Individual.swift";
         sourceTree = "<group>";
      };
      "OBJ_58" = {
         isa = "PBXFileReference";
         path = "MiddleRight.Individual.swift";
         sourceTree = "<group>";
      };
      "OBJ_59" = {
         isa = "PBXFileReference";
         path = "RightBottom.Individual.swift";
         sourceTree = "<group>";
      };
      "OBJ_6" = {
         isa = "PBXFileReference";
         explicitFileType = "sourcecode.swift";
         path = "Package.swift";
         sourceTree = "<group>";
      };
      "OBJ_60" = {
         isa = "PBXFileReference";
         path = "RightMiddle.Individual.swift";
         sourceTree = "<group>";
      };
      "OBJ_61" = {
         isa = "PBXFileReference";
         path = "RightTop.Individual.swift";
         sourceTree = "<group>";
      };
      "OBJ_62" = {
         isa = "PBXFileReference";
         path = "TopCenter.Individual.swift";
         sourceTree = "<group>";
      };
      "OBJ_63" = {
         isa = "PBXFileReference";
         path = "TopLeft.Individual.swift";
         sourceTree = "<group>";
      };
      "OBJ_64" = {
         isa = "PBXFileReference";
         path = "TopRight.Individual.swift";
         sourceTree = "<group>";
      };
      "OBJ_65" = {
         isa = "PBXGroup";
         children = (
            "OBJ_66",
            "OBJ_67",
            "OBJ_68",
            "OBJ_69",
            "OBJ_70",
            "OBJ_71",
            "OBJ_72",
            "OBJ_73",
            "OBJ_74",
            "OBJ_75",
            "OBJ_76",
            "OBJ_77",
            "OBJ_78",
            "OBJ_79",
            "OBJ_80",
            "OBJ_81",
            "OBJ_82",
            "OBJ_83",
            "OBJ_84",
            "OBJ_85",
            "OBJ_86",
            "OBJ_87",
            "OBJ_88",
            "OBJ_89",
            "OBJ_90",
            "OBJ_91",
            "OBJ_92",
            "OBJ_93",
            "OBJ_94",
            "OBJ_95",
            "OBJ_96",
            "OBJ_97",
            "OBJ_98",
            "OBJ_99",
            "OBJ_100",
            "OBJ_101",
            "OBJ_102",
            "OBJ_103",
            "OBJ_104",
            "OBJ_105",
            "OBJ_106",
            "OBJ_107",
            "OBJ_108",
            "OBJ_109",
            "OBJ_110",
            "OBJ_111",
            "OBJ_112",
            "OBJ_113",
            "OBJ_114",
            "OBJ_115",
            "OBJ_116",
            "OBJ_117",
            "OBJ_118",
            "OBJ_119",
            "OBJ_120",
            "OBJ_121",
            "OBJ_122",
            "OBJ_123",
            "OBJ_124",
            "OBJ_125",
            "OBJ_126",
            "OBJ_127",
            "OBJ_128",
            "OBJ_129",
            "OBJ_130",
            "OBJ_131",
            "OBJ_132",
            "OBJ_133",
            "OBJ_134",
            "OBJ_135",
            "OBJ_136",
            "OBJ_137",
            "OBJ_138",
            "OBJ_139",
            "OBJ_140",
            "OBJ_141",
            "OBJ_142",
            "OBJ_143",
            "OBJ_144",
            "OBJ_145",
            "OBJ_146",
            "OBJ_147",
            "OBJ_148",
            "OBJ_149",
            "OBJ_150",
            "OBJ_151",
            "OBJ_152",
            "OBJ_153",
            "OBJ_154",
            "OBJ_155"
         );
         name = "3-Element";
         path = "3-Element";
         sourceTree = "<group>";
      };
      "OBJ_66" = {
         isa = "PBXFileReference";
         path = "BottomCenterHeight.Individual.swift";
         sourceTree = "<group>";
      };
      "OBJ_67" = {
         isa = "PBXFileReference";
         path = "BottomCenterLeft.Individual.swift";
         sourceTree = "<group>";
      };
      "OBJ_68" = {
         isa = "PBXFileReference";
         path = "BottomCenterMiddle.Individual.swift";
         sourceTree = "<group>";
      };
      "OBJ_69" = {
         isa = "PBXFileReference";
         path = "BottomCenterRight.Individual.swift";
         sourceTree = "<group>";
      };
      "OBJ_7" = {
         isa = "PBXGroup";
         children = (
            "OBJ_8"
         );
         name = "Sources";
         path = "";
         sourceTree = "SOURCE_ROOT";
      };
      "OBJ_70" = {
         isa = "PBXFileReference";
         path = "BottomCenterTop.Individual.swift";
         sourceTree = "<group>";
      };
      "OBJ_71" = {
         isa = "PBXFileReference";
         path = "BottomCenterWidth.Individual.swift";
         sourceTree = "<group>";
      };
      "OBJ_72" = {
         isa = "PBXFileReference";
         path = "BottomLeftCenter.Individual.swift";
         sourceTree = "<group>";
      };
      "OBJ_73" = {
         isa = "PBXFileReference";
         path = "BottomLeftHeight.Individual.swift";
         sourceTree = "<group>";
      };
      "OBJ_74" = {
         isa = "PBXFileReference";
         path = "BottomLeftMiddle.Individual.swift";
         sourceTree = "<group>";
      };
      "OBJ_75" = {
         isa = "PBXFileReference";
         path = "BottomLeftRight.Individual.swift";
         sourceTree = "<group>";
      };
      "OBJ_76" = {
         isa = "PBXFileReference";
         path = "BottomLeftTop.Individual.swift";
         sourceTree = "<group>";
      };
      "OBJ_77" = {
         isa = "PBXFileReference";
         path = "BottomLeftWidth.Individual.swift";
         sourceTree = "<group>";
      };
      "OBJ_78" = {
         isa = "PBXFileReference";
         path = "BottomRightCenter.Individual.swift";
         sourceTree = "<group>";
      };
      "OBJ_79" = {
         isa = "PBXFileReference";
         path = "BottomRightHeight.Individual.swift";
         sourceTree = "<group>";
      };
      "OBJ_8" = {
         isa = "PBXGroup";
         children = (
            "OBJ_9",
            "OBJ_10",
            "OBJ_11",
            "OBJ_15",
            "OBJ_24",
            "OBJ_26",
            "OBJ_35",
            "OBJ_188",
            "OBJ_191",
            "OBJ_193"
         );
         name = "NotAutoLayout";
         path = "Sources/NotAutoLayout";
         sourceTree = "SOURCE_ROOT";
      };
      "OBJ_80" = {
         isa = "PBXFileReference";
         path = "BottomRightLeft.Individual.swift";
         sourceTree = "<group>";
      };
      "OBJ_81" = {
         isa = "PBXFileReference";
         path = "BottomRightMiddle.Individual.swift";
         sourceTree = "<group>";
      };
      "OBJ_82" = {
         isa = "PBXFileReference";
         path = "BottomRightTop.Individual.swift";
         sourceTree = "<group>";
      };
      "OBJ_83" = {
         isa = "PBXFileReference";
         path = "BottomRightWidth.Individual.swift";
         sourceTree = "<group>";
      };
      "OBJ_84" = {
         isa = "PBXFileReference";
         path = "CenterBottomHeight.Individual.swift";
         sourceTree = "<group>";
      };
      "OBJ_85" = {
         isa = "PBXFileReference";
         path = "CenterBottomWidth.Individual.swift";
         sourceTree = "<group>";
      };
      "OBJ_86" = {
         isa = "PBXFileReference";
         path = "CenterMiddleBottom.Individual.swift";
         sourceTree = "<group>";
      };
      "OBJ_87" = {
         isa = "PBXFileReference";
         path = "CenterMiddleHeight.Individual.swift";
         sourceTree = "<group>";
      };
      "OBJ_88" = {
         isa = "PBXFileReference";
         path = "CenterMiddleWidth.Individual.swift";
         sourceTree = "<group>";
      };
      "OBJ_89" = {
         isa = "PBXFileReference";
         path = "CenterRightBottom.Individual.swift";
         sourceTree = "<group>";
      };
      "OBJ_9" = {
         isa = "PBXFileReference";
         path = "NotAutoLayout.h";
         sourceTree = "<group>";
      };
      "OBJ_90" = {
         isa = "PBXFileReference";
         path = "CenterRightMiddle.Individual.swift";
         sourceTree = "<group>";
      };
      "OBJ_91" = {
         isa = "PBXFileReference";
         path = "CenterRightTop.Individual.swift";
         sourceTree = "<group>";
      };
      "OBJ_92" = {
         isa = "PBXFileReference";
         path = "CenterTopBottom.Individual.swift";
         sourceTree = "<group>";
      };
      "OBJ_93" = {
         isa = "PBXFileReference";
         path = "CenterTopHeight.Individual.swift";
         sourceTree = "<group>";
      };
      "OBJ_94" = {
         isa = "PBXFileReference";
         path = "CenterTopMiddle.Individual.swift";
         sourceTree = "<group>";
      };
      "OBJ_95" = {
         isa = "PBXFileReference";
         path = "CenterTopWidth.Individual.swift";
         sourceTree = "<group>";
      };
      "OBJ_96" = {
         isa = "PBXFileReference";
         path = "LeftBottomHeight.Individual.swift";
         sourceTree = "<group>";
      };
      "OBJ_97" = {
         isa = "PBXFileReference";
         path = "LeftBottomWidth.Individual.swift";
         sourceTree = "<group>";
      };
      "OBJ_98" = {
         isa = "PBXFileReference";
         path = "LeftCenterBottom.Individual.swift";
         sourceTree = "<group>";
      };
      "OBJ_99" = {
         isa = "PBXFileReference";
         path = "LeftCenterMiddle.Individual.swift";
         sourceTree = "<group>";
      };
   };
   rootObject = "OBJ_1";
}
