// !$*UTF8*$!
{
	archiveVersion = 1;
	classes = {
	};
	objectVersion = 46;
	objects = {

/* Begin PBXBuildFile section */
		164FCA4F1ED7EB0500CFF666 /* UIView.swift in Sources */ = {isa = PBXBuildFile; fileRef = 164FCA4E1ED7EB0500CFF666 /* UIView.swift */; };
		165CE1CA1E937C9300F942A3 /* Frame.swift in Sources */ = {isa = PBXBuildFile; fileRef = 165CE1C91E937C9300F942A3 /* Frame.swift */; };
		167AC91E1E5E8D34006D8F9F /* Bounds.swift in Sources */ = {isa = PBXBuildFile; fileRef = 167AC91D1E5E8D34006D8F9F /* Bounds.swift */; };
		16FE58C11E5D9E23001A9DC2 /* Layout.swift in Sources */ = {isa = PBXBuildFile; fileRef = 16FE58C01E5D9E23001A9DC2 /* Layout.swift */; };
		16FE58C31E5DA08E001A9DC2 /* LayoutControllable.swift in Sources */ = {isa = PBXBuildFile; fileRef = 16FE58C21E5DA08E001A9DC2 /* LayoutControllable.swift */; };
		16FE58C51E5DA931001A9DC2 /* Condition.swift in Sources */ = {isa = PBXBuildFile; fileRef = 16FE58C41E5DA931001A9DC2 /* Condition.swift */; };
		793417041E5DEB9500EDA668 /* LayoutControllableView.swift in Sources */ = {isa = PBXBuildFile; fileRef = 793417031E5DEB9500EDA668 /* LayoutControllableView.swift */; };
		794BA6931E7C3EB500FFD070 /* LayoutOptimization.swift in Sources */ = {isa = PBXBuildFile; fileRef = 794BA6921E7C3EB500FFD070 /* LayoutOptimization.swift */; };
		795463AF1E68628200952122 /* LayoutMethod.swift in Sources */ = {isa = PBXBuildFile; fileRef = 795463AE1E68628200952122 /* LayoutMethod.swift */; };
		796396801E7D31B2006A60F7 /* LayoutIndividual.swift in Sources */ = {isa = PBXBuildFile; fileRef = 7963967F1E7D31B2006A60F7 /* LayoutIndividual.swift */; };
		796396821E7D31E8006A60F7 /* LayoutSequential.swift in Sources */ = {isa = PBXBuildFile; fileRef = 796396811E7D31E8006A60F7 /* LayoutSequential.swift */; };
		796396841E7D3259006A60F7 /* LayoutMatrical.swift in Sources */ = {isa = PBXBuildFile; fileRef = 796396831E7D3259006A60F7 /* LayoutMatrical.swift */; };
		796396861E7D3373006A60F7 /* CalculationMethod.swift in Sources */ = {isa = PBXBuildFile; fileRef = 796396851E7D3373006A60F7 /* CalculationMethod.swift */; };
		796396881E7DACD2006A60F7 /* Array.swift in Sources */ = {isa = PBXBuildFile; fileRef = 796396871E7DACD2006A60F7 /* Array.swift */; };
		7963968A1E7DBDCF006A60F7 /* Dictionary.swift in Sources */ = {isa = PBXBuildFile; fileRef = 796396891E7DBDCF006A60F7 /* Dictionary.swift */; };
		798378951E4CB2B200D3E1C2 /* NotAutoLayout.framework in Frameworks */ = {isa = PBXBuildFile; fileRef = 7983788B1E4CB2B100D3E1C2 /* NotAutoLayout.framework */; };
		7983789A1E4CB2B200D3E1C2 /* NotAutoLayoutTests.swift in Sources */ = {isa = PBXBuildFile; fileRef = 798378991E4CB2B200D3E1C2 /* NotAutoLayoutTests.swift */; };
		7983789C1E4CB2B200D3E1C2 /* NotAutoLayout.h in Headers */ = {isa = PBXBuildFile; fileRef = 7983788E1E4CB2B100D3E1C2 /* NotAutoLayout.h */; settings = {ATTRIBUTES = (Public, ); }; };
		798378A61E4CB36200D3E1C2 /* LayoutView.swift in Sources */ = {isa = PBXBuildFile; fileRef = 798378A51E4CB36200D3E1C2 /* LayoutView.swift */; };
		799F07011EF1854D00677106 /* NotAutoLayoutCompatible.swift in Sources */ = {isa = PBXBuildFile; fileRef = 799F07001EF1854D00677106 /* NotAutoLayoutCompatible.swift */; };
/* End PBXBuildFile section */

/* Begin PBXContainerItemProxy section */
		798378961E4CB2B200D3E1C2 /* PBXContainerItemProxy */ = {
			isa = PBXContainerItemProxy;
			containerPortal = 798378821E4CB2B100D3E1C2 /* Project object */;
			proxyType = 1;
			remoteGlobalIDString = 7983788A1E4CB2B100D3E1C2;
			remoteInfo = NotAutoLayout;
		};
/* End PBXContainerItemProxy section */

/* Begin PBXFileReference section */
		164FCA4E1ED7EB0500CFF666 /* UIView.swift */ = {isa = PBXFileReference; fileEncoding = 4; lastKnownFileType = sourcecode.swift; path = UIView.swift; sourceTree = "<group>"; };
		165CE1C91E937C9300F942A3 /* Frame.swift */ = {isa = PBXFileReference; fileEncoding = 4; lastKnownFileType = sourcecode.swift; path = Frame.swift; sourceTree = "<group>"; };
		167AC91D1E5E8D34006D8F9F /* Bounds.swift */ = {isa = PBXFileReference; fileEncoding = 4; lastKnownFileType = sourcecode.swift; path = Bounds.swift; sourceTree = "<group>"; };
		16FE58C01E5D9E23001A9DC2 /* Layout.swift */ = {isa = PBXFileReference; fileEncoding = 4; lastKnownFileType = sourcecode.swift; path = Layout.swift; sourceTree = "<group>"; };
		16FE58C21E5DA08E001A9DC2 /* LayoutControllable.swift */ = {isa = PBXFileReference; fileEncoding = 4; lastKnownFileType = sourcecode.swift; path = LayoutControllable.swift; sourceTree = "<group>"; };
		16FE58C41E5DA931001A9DC2 /* Condition.swift */ = {isa = PBXFileReference; fileEncoding = 4; lastKnownFileType = sourcecode.swift; path = Condition.swift; sourceTree = "<group>"; };
		793417031E5DEB9500EDA668 /* LayoutControllableView.swift */ = {isa = PBXFileReference; fileEncoding = 4; lastKnownFileType = sourcecode.swift; path = LayoutControllableView.swift; sourceTree = "<group>"; };
		794BA6921E7C3EB500FFD070 /* LayoutOptimization.swift */ = {isa = PBXFileReference; fileEncoding = 4; lastKnownFileType = sourcecode.swift; path = LayoutOptimization.swift; sourceTree = "<group>"; };
		795463AE1E68628200952122 /* LayoutMethod.swift */ = {isa = PBXFileReference; fileEncoding = 4; lastKnownFileType = sourcecode.swift; path = LayoutMethod.swift; sourceTree = "<group>"; };
		7963967F1E7D31B2006A60F7 /* LayoutIndividual.swift */ = {isa = PBXFileReference; fileEncoding = 4; lastKnownFileType = sourcecode.swift; path = LayoutIndividual.swift; sourceTree = "<group>"; };
		796396811E7D31E8006A60F7 /* LayoutSequential.swift */ = {isa = PBXFileReference; fileEncoding = 4; lastKnownFileType = sourcecode.swift; path = LayoutSequential.swift; sourceTree = "<group>"; };
		796396831E7D3259006A60F7 /* LayoutMatrical.swift */ = {isa = PBXFileReference; fileEncoding = 4; lastKnownFileType = sourcecode.swift; path = LayoutMatrical.swift; sourceTree = "<group>"; };
		796396851E7D3373006A60F7 /* CalculationMethod.swift */ = {isa = PBXFileReference; fileEncoding = 4; lastKnownFileType = sourcecode.swift; path = CalculationMethod.swift; sourceTree = "<group>"; };
		796396871E7DACD2006A60F7 /* Array.swift */ = {isa = PBXFileReference; fileEncoding = 4; lastKnownFileType = sourcecode.swift; path = Array.swift; sourceTree = "<group>"; };
		796396891E7DBDCF006A60F7 /* Dictionary.swift */ = {isa = PBXFileReference; fileEncoding = 4; lastKnownFileType = sourcecode.swift; path = Dictionary.swift; sourceTree = "<group>"; };
		7983788B1E4CB2B100D3E1C2 /* NotAutoLayout.framework */ = {isa = PBXFileReference; explicitFileType = wrapper.framework; includeInIndex = 0; path = NotAutoLayout.framework; sourceTree = BUILT_PRODUCTS_DIR; };
		7983788E1E4CB2B100D3E1C2 /* NotAutoLayout.h */ = {isa = PBXFileReference; lastKnownFileType = sourcecode.c.h; path = NotAutoLayout.h; sourceTree = "<group>"; };
		7983788F1E4CB2B100D3E1C2 /* Info.plist */ = {isa = PBXFileReference; lastKnownFileType = text.plist.xml; path = Info.plist; sourceTree = "<group>"; };
		798378941E4CB2B200D3E1C2 /* NotAutoLayoutTests.xctest */ = {isa = PBXFileReference; explicitFileType = wrapper.cfbundle; includeInIndex = 0; path = NotAutoLayoutTests.xctest; sourceTree = BUILT_PRODUCTS_DIR; };
		798378991E4CB2B200D3E1C2 /* NotAutoLayoutTests.swift */ = {isa = PBXFileReference; lastKnownFileType = sourcecode.swift; path = NotAutoLayoutTests.swift; sourceTree = "<group>"; };
		7983789B1E4CB2B200D3E1C2 /* Info.plist */ = {isa = PBXFileReference; lastKnownFileType = text.plist.xml; path = Info.plist; sourceTree = "<group>"; };
		798378A51E4CB36200D3E1C2 /* LayoutView.swift */ = {isa = PBXFileReference; fileEncoding = 4; lastKnownFileType = sourcecode.swift; path = LayoutView.swift; sourceTree = "<group>"; };
		799F07001EF1854D00677106 /* NotAutoLayoutCompatible.swift */ = {isa = PBXFileReference; fileEncoding = 4; lastKnownFileType = sourcecode.swift; path = NotAutoLayoutCompatible.swift; sourceTree = "<group>"; };
/* End PBXFileReference section */

/* Begin PBXFrameworksBuildPhase section */
		798378871E4CB2B100D3E1C2 /* Frameworks */ = {
			isa = PBXFrameworksBuildPhase;
			buildActionMask = 2147483647;
			files = (
			);
			runOnlyForDeploymentPostprocessing = 0;
		};
		798378911E4CB2B200D3E1C2 /* Frameworks */ = {
			isa = PBXFrameworksBuildPhase;
			buildActionMask = 2147483647;
			files = (
				798378951E4CB2B200D3E1C2 /* NotAutoLayout.framework in Frameworks */,
			);
			runOnlyForDeploymentPostprocessing = 0;
		};
/* End PBXFrameworksBuildPhase section */

/* Begin PBXGroup section */
		798378811E4CB2B100D3E1C2 = {
			isa = PBXGroup;
			children = (
				7983788D1E4CB2B100D3E1C2 /* NotAutoLayout */,
				798378981E4CB2B200D3E1C2 /* NotAutoLayoutTests */,
				7983788C1E4CB2B100D3E1C2 /* Products */,
			);
			sourceTree = "<group>";
		};
		7983788C1E4CB2B100D3E1C2 /* Products */ = {
			isa = PBXGroup;
			children = (
				7983788B1E4CB2B100D3E1C2 /* NotAutoLayout.framework */,
				798378941E4CB2B200D3E1C2 /* NotAutoLayoutTests.xctest */,
			);
			name = Products;
			sourceTree = "<group>";
		};
		7983788D1E4CB2B100D3E1C2 /* NotAutoLayout */ = {
			isa = PBXGroup;
			children = (
				7983788E1E4CB2B100D3E1C2 /* NotAutoLayout.h */,
				7983788F1E4CB2B100D3E1C2 /* Info.plist */,
				799F07001EF1854D00677106 /* NotAutoLayoutCompatible.swift */,
				796396871E7DACD2006A60F7 /* Array.swift */,
				796396891E7DBDCF006A60F7 /* Dictionary.swift */,
				164FCA4E1ED7EB0500CFF666 /* UIView.swift */,
				796396851E7D3373006A60F7 /* CalculationMethod.swift */,
				167AC91D1E5E8D34006D8F9F /* Bounds.swift */,
				16FE58C41E5DA931001A9DC2 /* Condition.swift */,
				165CE1C91E937C9300F942A3 /* Frame.swift */,
				16FE58C01E5D9E23001A9DC2 /* Layout.swift */,
				7963967F1E7D31B2006A60F7 /* LayoutIndividual.swift */,
				796396811E7D31E8006A60F7 /* LayoutSequential.swift */,
				796396831E7D3259006A60F7 /* LayoutMatrical.swift */,
				795463AE1E68628200952122 /* LayoutMethod.swift */,
				794BA6921E7C3EB500FFD070 /* LayoutOptimization.swift */,
				16FE58C21E5DA08E001A9DC2 /* LayoutControllable.swift */,
				793417031E5DEB9500EDA668 /* LayoutControllableView.swift */,
				798378A51E4CB36200D3E1C2 /* LayoutView.swift */,
			);
			path = NotAutoLayout;
			sourceTree = "<group>";
		};
		798378981E4CB2B200D3E1C2 /* NotAutoLayoutTests */ = {
			isa = PBXGroup;
			children = (
				798378991E4CB2B200D3E1C2 /* NotAutoLayoutTests.swift */,
				7983789B1E4CB2B200D3E1C2 /* Info.plist */,
			);
			path = NotAutoLayoutTests;
			sourceTree = "<group>";
		};
/* End PBXGroup section */

/* Begin PBXHeadersBuildPhase section */
		798378881E4CB2B100D3E1C2 /* Headers */ = {
			isa = PBXHeadersBuildPhase;
			buildActionMask = 2147483647;
			files = (
				7983789C1E4CB2B200D3E1C2 /* NotAutoLayout.h in Headers */,
			);
			runOnlyForDeploymentPostprocessing = 0;
		};
/* End PBXHeadersBuildPhase section */

/* Begin PBXNativeTarget section */
		7983788A1E4CB2B100D3E1C2 /* NotAutoLayout */ = {
			isa = PBXNativeTarget;
			buildConfigurationList = 7983789F1E4CB2B200D3E1C2 /* Build configuration list for PBXNativeTarget "NotAutoLayout" */;
			buildPhases = (
				798378861E4CB2B100D3E1C2 /* Sources */,
				798378871E4CB2B100D3E1C2 /* Frameworks */,
				798378881E4CB2B100D3E1C2 /* Headers */,
				798378891E4CB2B100D3E1C2 /* Resources */,
			);
			buildRules = (
			);
			dependencies = (
			);
			name = NotAutoLayout;
			productName = NotAutoLayout;
			productReference = 7983788B1E4CB2B100D3E1C2 /* NotAutoLayout.framework */;
			productType = "com.apple.product-type.framework";
		};
		798378931E4CB2B200D3E1C2 /* NotAutoLayoutTests */ = {
			isa = PBXNativeTarget;
			buildConfigurationList = 798378A21E4CB2B200D3E1C2 /* Build configuration list for PBXNativeTarget "NotAutoLayoutTests" */;
			buildPhases = (
				798378901E4CB2B200D3E1C2 /* Sources */,
				798378911E4CB2B200D3E1C2 /* Frameworks */,
				798378921E4CB2B200D3E1C2 /* Resources */,
			);
			buildRules = (
			);
			dependencies = (
				798378971E4CB2B200D3E1C2 /* PBXTargetDependency */,
			);
			name = NotAutoLayoutTests;
			productName = NotAutoLayoutTests;
			productReference = 798378941E4CB2B200D3E1C2 /* NotAutoLayoutTests.xctest */;
			productType = "com.apple.product-type.bundle.unit-test";
		};
/* End PBXNativeTarget section */

/* Begin PBXProject section */
		798378821E4CB2B100D3E1C2 /* Project object */ = {
			isa = PBXProject;
			attributes = {
				LastSwiftUpdateCheck = 0820;
				LastUpgradeCheck = 0900;
				ORGANIZATIONNAME = "史翔新";
				TargetAttributes = {
					7983788A1E4CB2B100D3E1C2 = {
						CreatedOnToolsVersion = 8.2.1;
						DevelopmentTeam = KC8N9BMQJY;
						LastSwiftMigration = 0900;
						ProvisioningStyle = Automatic;
					};
					798378931E4CB2B200D3E1C2 = {
						CreatedOnToolsVersion = 8.2.1;
						DevelopmentTeam = KC8N9BMQJY;
						LastSwiftMigration = 0900;
						ProvisioningStyle = Automatic;
					};
				};
			};
			buildConfigurationList = 798378851E4CB2B100D3E1C2 /* Build configuration list for PBXProject "NotAutoLayout" */;
			compatibilityVersion = "Xcode 3.2";
			developmentRegion = English;
			hasScannedForEncodings = 0;
			knownRegions = (
				en,
			);
			mainGroup = 798378811E4CB2B100D3E1C2;
			productRefGroup = 7983788C1E4CB2B100D3E1C2 /* Products */;
			projectDirPath = "";
			projectRoot = "";
			targets = (
				7983788A1E4CB2B100D3E1C2 /* NotAutoLayout */,
				798378931E4CB2B200D3E1C2 /* NotAutoLayoutTests */,
			);
		};
/* End PBXProject section */

/* Begin PBXResourcesBuildPhase section */
		798378891E4CB2B100D3E1C2 /* Resources */ = {
			isa = PBXResourcesBuildPhase;
			buildActionMask = 2147483647;
			files = (
			);
			runOnlyForDeploymentPostprocessing = 0;
		};
		798378921E4CB2B200D3E1C2 /* Resources */ = {
			isa = PBXResourcesBuildPhase;
			buildActionMask = 2147483647;
			files = (
			);
			runOnlyForDeploymentPostprocessing = 0;
		};
/* End PBXResourcesBuildPhase section */

/* Begin PBXSourcesBuildPhase section */
		798378861E4CB2B100D3E1C2 /* Sources */ = {
			isa = PBXSourcesBuildPhase;
			buildActionMask = 2147483647;
			files = (
				164FCA4F1ED7EB0500CFF666 /* UIView.swift in Sources */,
				796396861E7D3373006A60F7 /* CalculationMethod.swift in Sources */,
				796396821E7D31E8006A60F7 /* LayoutSequential.swift in Sources */,
				167AC91E1E5E8D34006D8F9F /* Bounds.swift in Sources */,
				793417041E5DEB9500EDA668 /* LayoutControllableView.swift in Sources */,
				796396841E7D3259006A60F7 /* LayoutMatrical.swift in Sources */,
				799F07011EF1854D00677106 /* NotAutoLayoutCompatible.swift in Sources */,
				794BA6931E7C3EB500FFD070 /* LayoutOptimization.swift in Sources */,
				16FE58C11E5D9E23001A9DC2 /* Layout.swift in Sources */,
				16FE58C31E5DA08E001A9DC2 /* LayoutControllable.swift in Sources */,
				795463AF1E68628200952122 /* LayoutMethod.swift in Sources */,
				165CE1CA1E937C9300F942A3 /* Frame.swift in Sources */,
				796396881E7DACD2006A60F7 /* Array.swift in Sources */,
				16FE58C51E5DA931001A9DC2 /* Condition.swift in Sources */,
				7963968A1E7DBDCF006A60F7 /* Dictionary.swift in Sources */,
				796396801E7D31B2006A60F7 /* LayoutIndividual.swift in Sources */,
				798378A61E4CB36200D3E1C2 /* LayoutView.swift in Sources */,
			);
			runOnlyForDeploymentPostprocessing = 0;
		};
		798378901E4CB2B200D3E1C2 /* Sources */ = {
			isa = PBXSourcesBuildPhase;
			buildActionMask = 2147483647;
			files = (
				7983789A1E4CB2B200D3E1C2 /* NotAutoLayoutTests.swift in Sources */,
			);
			runOnlyForDeploymentPostprocessing = 0;
		};
/* End PBXSourcesBuildPhase section */

/* Begin PBXTargetDependency section */
		798378971E4CB2B200D3E1C2 /* PBXTargetDependency */ = {
			isa = PBXTargetDependency;
			target = 7983788A1E4CB2B100D3E1C2 /* NotAutoLayout */;
			targetProxy = 798378961E4CB2B200D3E1C2 /* PBXContainerItemProxy */;
		};
/* End PBXTargetDependency section */

/* Begin XCBuildConfiguration section */
		7983789D1E4CB2B200D3E1C2 /* Debug */ = {
			isa = XCBuildConfiguration;
			buildSettings = {
				ALWAYS_SEARCH_USER_PATHS = NO;
				CLANG_ANALYZER_NONNULL = YES;
				CLANG_CXX_LANGUAGE_STANDARD = "gnu++0x";
				CLANG_CXX_LIBRARY = "libc++";
				CLANG_ENABLE_MODULES = YES;
				CLANG_ENABLE_OBJC_ARC = YES;
				CLANG_WARN_BLOCK_CAPTURE_AUTORELEASING = YES;
				CLANG_WARN_BOOL_CONVERSION = YES;
				CLANG_WARN_COMMA = YES;
				CLANG_WARN_CONSTANT_CONVERSION = YES;
				CLANG_WARN_DIRECT_OBJC_ISA_USAGE = YES_ERROR;
				CLANG_WARN_DOCUMENTATION_COMMENTS = YES;
				CLANG_WARN_EMPTY_BODY = YES;
				CLANG_WARN_ENUM_CONVERSION = YES;
				CLANG_WARN_INFINITE_RECURSION = YES;
				CLANG_WARN_INT_CONVERSION = YES;
				CLANG_WARN_NON_LITERAL_NULL_CONVERSION = YES;
				CLANG_WARN_OBJC_LITERAL_CONVERSION = YES;
				CLANG_WARN_OBJC_ROOT_CLASS = YES_ERROR;
				CLANG_WARN_RANGE_LOOP_ANALYSIS = YES;
				CLANG_WARN_STRICT_PROTOTYPES = YES;
				CLANG_WARN_SUSPICIOUS_MOVE = YES;
				CLANG_WARN_UNREACHABLE_CODE = YES;
				CLANG_WARN__DUPLICATE_METHOD_MATCH = YES;
				"CODE_SIGN_IDENTITY[sdk=iphoneos*]" = "iPhone Developer";
				COPY_PHASE_STRIP = NO;
				CURRENT_PROJECT_VERSION = 1;
				DEBUG_INFORMATION_FORMAT = dwarf;
				ENABLE_STRICT_OBJC_MSGSEND = YES;
				ENABLE_TESTABILITY = YES;
				GCC_C_LANGUAGE_STANDARD = gnu99;
				GCC_DYNAMIC_NO_PIC = NO;
				GCC_NO_COMMON_BLOCKS = YES;
				GCC_OPTIMIZATION_LEVEL = 0;
				GCC_PREPROCESSOR_DEFINITIONS = (
					"DEBUG=1",
					"$(inherited)",
				);
				GCC_WARN_64_TO_32_BIT_CONVERSION = YES;
				GCC_WARN_ABOUT_RETURN_TYPE = YES_ERROR;
				GCC_WARN_UNDECLARED_SELECTOR = YES;
				GCC_WARN_UNINITIALIZED_AUTOS = YES_AGGRESSIVE;
				GCC_WARN_UNUSED_FUNCTION = YES;
				GCC_WARN_UNUSED_VARIABLE = YES;
				IPHONEOS_DEPLOYMENT_TARGET = 10.2;
				MTL_ENABLE_DEBUG_INFO = YES;
				ONLY_ACTIVE_ARCH = YES;
				SDKROOT = iphoneos;
				SWIFT_ACTIVE_COMPILATION_CONDITIONS = DEBUG;
				SWIFT_OPTIMIZATION_LEVEL = "-Onone";
				TARGETED_DEVICE_FAMILY = "1,2";
				VERSIONING_SYSTEM = "apple-generic";
				VERSION_INFO_PREFIX = "";
			};
			name = Debug;
		};
		7983789E1E4CB2B200D3E1C2 /* Release */ = {
			isa = XCBuildConfiguration;
			buildSettings = {
				ALWAYS_SEARCH_USER_PATHS = NO;
				CLANG_ANALYZER_NONNULL = YES;
				CLANG_CXX_LANGUAGE_STANDARD = "gnu++0x";
				CLANG_CXX_LIBRARY = "libc++";
				CLANG_ENABLE_MODULES = YES;
				CLANG_ENABLE_OBJC_ARC = YES;
				CLANG_WARN_BLOCK_CAPTURE_AUTORELEASING = YES;
				CLANG_WARN_BOOL_CONVERSION = YES;
				CLANG_WARN_COMMA = YES;
				CLANG_WARN_CONSTANT_CONVERSION = YES;
				CLANG_WARN_DIRECT_OBJC_ISA_USAGE = YES_ERROR;
				CLANG_WARN_DOCUMENTATION_COMMENTS = YES;
				CLANG_WARN_EMPTY_BODY = YES;
				CLANG_WARN_ENUM_CONVERSION = YES;
				CLANG_WARN_INFINITE_RECURSION = YES;
				CLANG_WARN_INT_CONVERSION = YES;
				CLANG_WARN_NON_LITERAL_NULL_CONVERSION = YES;
				CLANG_WARN_OBJC_LITERAL_CONVERSION = YES;
				CLANG_WARN_OBJC_ROOT_CLASS = YES_ERROR;
				CLANG_WARN_RANGE_LOOP_ANALYSIS = YES;
				CLANG_WARN_STRICT_PROTOTYPES = YES;
				CLANG_WARN_SUSPICIOUS_MOVE = YES;
				CLANG_WARN_UNREACHABLE_CODE = YES;
				CLANG_WARN__DUPLICATE_METHOD_MATCH = YES;
				"CODE_SIGN_IDENTITY[sdk=iphoneos*]" = "iPhone Developer";
				COPY_PHASE_STRIP = NO;
				CURRENT_PROJECT_VERSION = 1;
				DEBUG_INFORMATION_FORMAT = "dwarf-with-dsym";
				ENABLE_NS_ASSERTIONS = NO;
				ENABLE_STRICT_OBJC_MSGSEND = YES;
				GCC_C_LANGUAGE_STANDARD = gnu99;
				GCC_NO_COMMON_BLOCKS = YES;
				GCC_WARN_64_TO_32_BIT_CONVERSION = YES;
				GCC_WARN_ABOUT_RETURN_TYPE = YES_ERROR;
				GCC_WARN_UNDECLARED_SELECTOR = YES;
				GCC_WARN_UNINITIALIZED_AUTOS = YES_AGGRESSIVE;
				GCC_WARN_UNUSED_FUNCTION = YES;
				GCC_WARN_UNUSED_VARIABLE = YES;
				IPHONEOS_DEPLOYMENT_TARGET = 10.2;
				MTL_ENABLE_DEBUG_INFO = NO;
				SDKROOT = iphoneos;
				SWIFT_OPTIMIZATION_LEVEL = "-Owholemodule";
				TARGETED_DEVICE_FAMILY = "1,2";
				VALIDATE_PRODUCT = YES;
				VERSIONING_SYSTEM = "apple-generic";
				VERSION_INFO_PREFIX = "";
			};
			name = Release;
		};
		798378A01E4CB2B200D3E1C2 /* Debug */ = {
			isa = XCBuildConfiguration;
			buildSettings = {
				CLANG_ENABLE_MODULES = YES;
				CODE_SIGN_IDENTITY = "";
				DEFINES_MODULE = YES;
				DEVELOPMENT_TEAM = KC8N9BMQJY;
				DYLIB_COMPATIBILITY_VERSION = 1;
				DYLIB_CURRENT_VERSION = 1;
				DYLIB_INSTALL_NAME_BASE = "@rpath";
				INFOPLIST_FILE = NotAutoLayout/Info.plist;
				INSTALL_PATH = "$(LOCAL_LIBRARY_DIR)/Frameworks";
				IPHONEOS_DEPLOYMENT_TARGET = 8.0;
				LD_RUNPATH_SEARCH_PATHS = "$(inherited) @executable_path/Frameworks @loader_path/Frameworks";
				PRODUCT_BUNDLE_IDENTIFIER = net.crazism.NotAutoLayout;
				PRODUCT_NAME = "$(TARGET_NAME)";
				SKIP_INSTALL = YES;
				SWIFT_OPTIMIZATION_LEVEL = "-Onone";
				SWIFT_VERSION = 4.0;
			};
			name = Debug;
		};
		798378A11E4CB2B200D3E1C2 /* Release */ = {
			isa = XCBuildConfiguration;
			buildSettings = {
				CLANG_ENABLE_MODULES = YES;
				CODE_SIGN_IDENTITY = "";
				DEFINES_MODULE = YES;
				DEVELOPMENT_TEAM = KC8N9BMQJY;
				DYLIB_COMPATIBILITY_VERSION = 1;
				DYLIB_CURRENT_VERSION = 1;
				DYLIB_INSTALL_NAME_BASE = "@rpath";
				INFOPLIST_FILE = NotAutoLayout/Info.plist;
				INSTALL_PATH = "$(LOCAL_LIBRARY_DIR)/Frameworks";
				IPHONEOS_DEPLOYMENT_TARGET = 8.0;
				LD_RUNPATH_SEARCH_PATHS = "$(inherited) @executable_path/Frameworks @loader_path/Frameworks";
				PRODUCT_BUNDLE_IDENTIFIER = net.crazism.NotAutoLayout;
				PRODUCT_NAME = "$(TARGET_NAME)";
				SKIP_INSTALL = YES;
				SWIFT_VERSION = 4.0;
			};
			name = Release;
		};
		798378A31E4CB2B200D3E1C2 /* Debug */ = {
			isa = XCBuildConfiguration;
			buildSettings = {
				ALWAYS_EMBED_SWIFT_STANDARD_LIBRARIES = YES;
				DEVELOPMENT_TEAM = KC8N9BMQJY;
				INFOPLIST_FILE = NotAutoLayoutTests/Info.plist;
				LD_RUNPATH_SEARCH_PATHS = "$(inherited) @executable_path/Frameworks @loader_path/Frameworks";
				PRODUCT_BUNDLE_IDENTIFIER = net.crazism.NotAutoLayoutTests;
				PRODUCT_NAME = "$(TARGET_NAME)";
				SWIFT_SWIFT3_OBJC_INFERENCE = Off;
				SWIFT_VERSION = 4.0;
			};
			name = Debug;
		};
		798378A41E4CB2B200D3E1C2 /* Release */ = {
			isa = XCBuildConfiguration;
			buildSettings = {
				ALWAYS_EMBED_SWIFT_STANDARD_LIBRARIES = YES;
				DEVELOPMENT_TEAM = KC8N9BMQJY;
				INFOPLIST_FILE = NotAutoLayoutTests/Info.plist;
				LD_RUNPATH_SEARCH_PATHS = "$(inherited) @executable_path/Frameworks @loader_path/Frameworks";
				PRODUCT_BUNDLE_IDENTIFIER = net.crazism.NotAutoLayoutTests;
				PRODUCT_NAME = "$(TARGET_NAME)";
				SWIFT_SWIFT3_OBJC_INFERENCE = Off;
				SWIFT_VERSION = 4.0;
			};
			name = Release;
		};
/* End XCBuildConfiguration section */

/* Begin XCConfigurationList section */
		798378851E4CB2B100D3E1C2 /* Build configuration list for PBXProject "NotAutoLayout" */ = {
			isa = XCConfigurationList;
			buildConfigurations = (
				7983789D1E4CB2B200D3E1C2 /* Debug */,
				7983789E1E4CB2B200D3E1C2 /* Release */,
			);
			defaultConfigurationIsVisible = 0;
			defaultConfigurationName = Release;
		};
		7983789F1E4CB2B200D3E1C2 /* Build configuration list for PBXNativeTarget "NotAutoLayout" */ = {
			isa = XCConfigurationList;
			buildConfigurations = (
				798378A01E4CB2B200D3E1C2 /* Debug */,
				798378A11E4CB2B200D3E1C2 /* Release */,
			);
			defaultConfigurationIsVisible = 0;
			defaultConfigurationName = Release;
		};
		798378A21E4CB2B200D3E1C2 /* Build configuration list for PBXNativeTarget "NotAutoLayoutTests" */ = {
			isa = XCConfigurationList;
			buildConfigurations = (
				798378A31E4CB2B200D3E1C2 /* Debug */,
				798378A41E4CB2B200D3E1C2 /* Release */,
			);
			defaultConfigurationIsVisible = 0;
			defaultConfigurationName = Release;
		};
/* End XCConfigurationList section */
	};
	rootObject = 798378821E4CB2B100D3E1C2 /* Project object */;
}
